
Microsoft Visual Studio Solution File, Format Version 11.00
# Visual Studio 2010
Project("{FAE04EC0-301F-11D3-BF4B-00C04F79EFBC}") = "Print C sharp", "Print C sharp\Print C sharp.csproj", "{785E6206-0E45-493B-A873-D8B78E6E8CFB}"
EndProject
Project("{FAE04EC0-301F-11D3-BF4B-00C04F79EFBC}") = "Print Name", "Print Name\Print Name.csproj", "{5B8228CD-7452-4592-83B2-4320C1757AE7}"
EndProject
Project("{FAE04EC0-301F-11D3-BF4B-00C04F79EFBC}") = "Number Format", "Number Format\Number Format.csproj", "{072F6FCE-98BC-4396-A380-B70943AB0527}"
EndProject
Project("{FAE04EC0-301F-11D3-BF4B-00C04F79EFBC}") = "First and last name", "First and last name\First and last name.csproj", "{BBFC9CA1-9659-4512-902F-64F05068460A}"
EndProject
Project("{FAE04EC0-301F-11D3-BF4B-00C04F79EFBC}") = "Current Date and Time", "Current Date and Time\Current Date and Time.csproj", "{8AFD87AB-4DCC-41C1-8313-C6EC21E0286D}"
EndProject
Project("{FAE04EC0-301F-11D3-BF4B-00C04F79EFBC}") = "Square of 12345", "Square of 12345\Square of 12345.csproj", "{0A408E74-76FD-4AAF-9F51-C18DE06FAA5E}"
EndProject
Project("{FAE04EC0-301F-11D3-BF4B-00C04F79EFBC}") = "10 members of squence", "10 members of squence\10 members of squence.csproj", "{542461FC-701E-4427-93AA-650BC1AC1B9E}"
EndProject
Project("{FAE04EC0-301F-11D3-BF4B-00C04F79EFBC}") = "inputting age and add 10 years", "inputting age and add 10 years\inputting age and add 10 years.csproj", "{9C2FEA9D-3B0C-4F3B-A7C1-310E0D3F9DBA}"
EndProject
Project("{FAE04EC0-301F-11D3-BF4B-00C04F79EFBC}") = "Data Type", "Data Type\Data Type.csproj", "{F146BF1A-797B-4BE6-A553-77EA179A1D6D}"
EndProject
Project("{FAE04EC0-301F-11D3-BF4B-00C04F79EFBC}") = "int Datatype", "int Datatype\int Datatype.csproj", "{B5655487-13EC-47AF-82EF-397CF4AEB102}"
EndProject
Project("{FAE04EC0-301F-11D3-BF4B-00C04F79EFBC}") = "Bool", "Bool\Bool.csproj", "{BB56E8B6-C84F-4608-9781-40869DB6EAE9}"
EndProject
Project("{FAE04EC0-301F-11D3-BF4B-00C04F79EFBC}") = "uni code of character", "uni code of character\uni code of character.csproj", "{654BA62C-50B6-408F-94AA-D5EA05C1732F}"
EndProject
Project("{FAE04EC0-301F-11D3-BF4B-00C04F79EFBC}") = "Read from user", "Read from user\Read from user.csproj", "{53159BB7-AB46-44F5-8383-7AAD44D2C1FD}"
EndProject
Project("{FAE04EC0-301F-11D3-BF4B-00C04F79EFBC}") = "Types of int", "Types of int\Types of int.csproj", "{E744AD31-EFF6-4D15-90E3-95B9B2459A6D}"
EndProject
Project("{FAE04EC0-301F-11D3-BF4B-00C04F79EFBC}") = "float and double pi", "float and double pi\float and double pi.csproj", "{2509C643-63E6-461F-A26F-CD8C13AC3275}"
EndProject
Project("{FAE04EC0-301F-11D3-BF4B-00C04F79EFBC}") = "Boolean Values", "Boolean Values\Boolean Values.csproj", "{B6957134-1B31-477B-831B-A78C880B5D3D}"
EndProject
Project("{FAE04EC0-301F-11D3-BF4B-00C04F79EFBC}") = "Character and ther ascii", "Character and ther ascii\Character and ther ascii.csproj", "{29B1A5B1-1586-4544-AF60-3622539336D1}"
EndProject
Project("{FAE04EC0-301F-11D3-BF4B-00C04F79EFBC}") = "Joining two Strings", "Joining two Strings\Joining two Strings.csproj", "{DEDB6DF3-8E15-4667-8CCB-21BABFD4F262}"
EndProject
Project("{FAE04EC0-301F-11D3-BF4B-00C04F79EFBC}") = "use of object", "use of object\use of object.csproj", "{26B9C7F3-399F-489A-98A7-571C22528851}"
EndProject
Project("{FAE04EC0-301F-11D3-BF4B-00C04F79EFBC}") = "assinging values", "assinging values\assinging values.csproj", "{C5695629-023A-4BDF-9FFE-01184F3803D3}"
EndProject
Project("{FAE04EC0-301F-11D3-BF4B-00C04F79EFBC}") = "Excape Sequences", "Excape Sequences\Excape Sequences.csproj", "{F38C3AF5-D0CB-41A7-89E2-1604A3BED182}"
EndProject
Project("{FAE04EC0-301F-11D3-BF4B-00C04F79EFBC}") = "Arthematic Operatiors", "Arthematic Operatiors\Arthematic Operatiors.csproj", "{35E9841A-1DB8-4AF8-9157-A4E89AEC1188}"
EndProject
Project("{FAE04EC0-301F-11D3-BF4B-00C04F79EFBC}") = "Logical Operators", "Logical Operators\Logical Operators.csproj", "{0F0C96B7-8D94-4203-AAF9-F6793FCD03F7}"
EndProject
Project("{FAE04EC0-301F-11D3-BF4B-00C04F79EFBC}") = "Assignment Operator", "Assignment Operator\Assignment Operator.csproj", "{E97E4B9D-30E3-485C-97BD-A47B9D90618A}"
EndProject
Project("{FAE04EC0-301F-11D3-BF4B-00C04F79EFBC}") = "Explicit and Implicit Type Casting", "Explicit and Implicit Type Casting\Explicit and Implicit Type Casting.csproj", "{86FFF781-D2D6-4A3F-A313-3BB20B9CAD2A}"
EndProject
Project("{FAE04EC0-301F-11D3-BF4B-00C04F79EFBC}") = "Math PI", "Math PI\Math PI.csproj", "{957D1213-94B2-4BFE-B04C-FD026FBC5FC6}"
EndProject
Project("{FAE04EC0-301F-11D3-BF4B-00C04F79EFBC}") = "int string float conversions", "int string float conversions\int string float conversions.csproj", "{A4D6887E-79A9-4DAD-8821-C75FCF529B3C}"
EndProject
Project("{FAE04EC0-301F-11D3-BF4B-00C04F79EFBC}") = "Rectangle or Triangle area", "Rectangle or Triangle area\Rectangle or Triangle area.csproj", "{BAC2DA69-83DF-487A-9379-9DB918AEF754}"
EndProject
Project("{FAE04EC0-301F-11D3-BF4B-00C04F79EFBC}") = "class question1", "class question1\class question1.csproj", "{62870345-FDAE-48A4-AC54-96A300C60FE3}"
EndProject
Project("{FAE04EC0-301F-11D3-BF4B-00C04F79EFBC}") = "Q2", "Q2\Q2.csproj", "{917E377A-AAA9-4D9C-B16B-916CDBE16854}"
EndProject
Project("{FAE04EC0-301F-11D3-BF4B-00C04F79EFBC}") = "Triangle", "Triangle\Triangle.csproj", "{B8B9A989-30AC-4EFF-989A-7B6CE507BE08}"
EndProject
Project("{FAE04EC0-301F-11D3-BF4B-00C04F79EFBC}") = "salary of items", "salary of items\salary of items.csproj", "{4E5A672C-3D70-499F-A237-F9BB88D18F93}"
EndProject
Project("{FAE04EC0-301F-11D3-BF4B-00C04F79EFBC}") = "library fine", "library fine\library fine.csproj", "{9AF432A2-8301-4C79-9550-7046ECEE74B0}"
EndProject
Project("{FAE04EC0-301F-11D3-BF4B-00C04F79EFBC}") = "vowel and consonants", "vowel and consonants\vowel and consonants.csproj", "{79757E59-5127-4C04-B96C-78F0F77C2218}"
EndProject
Project("{FAE04EC0-301F-11D3-BF4B-00C04F79EFBC}") = "fib series", "fib series\fib series.csproj", "{A767997C-443A-4EA1-8A62-D7933E41DA52}"
EndProject
Project("{FAE04EC0-301F-11D3-BF4B-00C04F79EFBC}") = "Ass1_Q1_cost of 1 item", "Ass_Q1_cost of 1 item\Ass1_Q1_cost of 1 item.csproj", "{56AF59B8-C650-4074-BF8F-042F83D22CA3}"
EndProject
Project("{FAE04EC0-301F-11D3-BF4B-00C04F79EFBC}") = "Ass1_Q2_gross salary of rashid", "Ass1_Q2_gross salary of rashid\Ass1_Q2_gross salary of rashid.csproj", "{83A8F49A-237E-4BCC-8D48-705ED1660880}"
EndProject
Project("{FAE04EC0-301F-11D3-BF4B-00C04F79EFBC}") = "Ass1_Q3_swaping", "Ass1_Q3_swaping\Ass1_Q3_swaping.csproj", "{4624DE3A-BF37-40ED-854D-752271FF30D5}"
EndProject
Project("{FAE04EC0-301F-11D3-BF4B-00C04F79EFBC}") = "Ass1_Q4_Triangle_Validity", "Ass1_Q4_Triangle_Validity\Ass1_Q4_Triangle_Validity.csproj", "{88EE40E5-19EF-4017-A015-FE353F3623A3}"
EndProject
Project("{FAE04EC0-301F-11D3-BF4B-00C04F79EFBC}") = "Ass1_Q5_Library Fine", "Ass1_Q5_Library Fine\Ass1_Q5_Library Fine.csproj", "{620F1BB3-F305-4445-8C68-2330C5D82288}"
EndProject
Project("{FAE04EC0-301F-11D3-BF4B-00C04F79EFBC}") = "Ass1_Q9_vowel or consonent", "Ass1_Q5_vowel or consonent\Ass1_Q9_vowel or consonent.csproj", "{2D0B707E-2920-40AD-A14F-09712FCC51B5}"
EndProject
Project("{FAE04EC0-301F-11D3-BF4B-00C04F79EFBC}") = "Ass1_Q6_multiplication table", "Ass1_Q6_multiplication table\Ass1_Q6_multiplication table.csproj", "{B1AB80C8-8735-41B5-A621-E5770726076F}"
EndProject
Project("{FAE04EC0-301F-11D3-BF4B-00C04F79EFBC}") = "Ass1_Q7 fibnocsi series", "Ass1_Q7 fibnocsi series\Ass1_Q7 fibnocsi series.csproj", "{4081CCA1-6175-4115-B79F-60B0A0AB3AED}"
EndProject
Project("{FAE04EC0-301F-11D3-BF4B-00C04F79EFBC}") = "Ass1_Q8 positive integers sum", "Ass1_Q8 positive integers sum\Ass1_Q8 positive integers sum.csproj", "{D04E0BAC-EB56-4BED-AB35-8CCD800E0571}"
EndProject
Project("{FAE04EC0-301F-11D3-BF4B-00C04F79EFBC}") = "Ass1_Q10 starric triangle", "Ass1_Q10 starric triangle\Ass1_Q10 starric triangle.csproj", "{B6FA2A38-542B-49CD-B510-64F96FA75673}"
EndProject
Project("{FAE04EC0-301F-11D3-BF4B-00C04F79EFBC}") = "foreach loop", "foreach loop\foreach loop.csproj", "{DCAD4057-8768-47DE-AC6B-CF5167D958B5}"
EndProject
Project("{FAE04EC0-301F-11D3-BF4B-00C04F79EFBC}") = "Mubeen selling price", "Mubeen selling price\Mubeen selling price.csproj", "{F8EB38A8-ED20-404A-8F64-07D22CA7FCA5}"
EndProject
Project("{FAE04EC0-301F-11D3-BF4B-00C04F79EFBC}") = "Mubeen Triangle", "Mubeen Triangle\Mubeen Triangle.csproj", "{BF6EA4FF-7EE0-4A79-98C7-838FB4660DEE}"
EndProject
Project("{FAE04EC0-301F-11D3-BF4B-00C04F79EFBC}") = "Finding last IP address", "Finding last IP address\Finding last IP address.csproj", "{7F9C74A0-86ED-4D5A-8B5F-6AE34AAB0242}"
EndProject
Project("{FAE04EC0-301F-11D3-BF4B-00C04F79EFBC}") = "Hamza's Vowel", "Hamza's Vowel\Hamza's Vowel.csproj", "{4D159CDF-F518-4CF6-8A43-2B3AD79D7347}"
EndProject
Project("{FAE04EC0-301F-11D3-BF4B-00C04F79EFBC}") = "routing", "routing\routing.csproj", "{F135757C-53CB-4E9E-B16D-5442C43F4663}"
EndProject
Project("{FAE04EC0-301F-11D3-BF4B-00C04F79EFBC}") = "CA assignment 1", "CA assignment 1\CA assignment 1.csproj", "{C7B33979-987E-4947-878D-4327E7B55BE6}"
EndProject
Project("{FAE04EC0-301F-11D3-BF4B-00C04F79EFBC}") = "Data struct", "Data struct\Data struct.csproj", "{DE587EA3-A0FF-4C8A-BF81-081554ED753C}"
EndProject
Project("{8BC9CEB8-8B4A-11D0-8D11-00A0C91BC942}") = "Data struct1", "Data struct1\Data struct1.vcxproj", "{DDA4FF1D-3D4A-4360-8976-D2AC8E5DC3BA}"
EndProject
Project("{FAE04EC0-301F-11D3-BF4B-00C04F79EFBC}") = "WindowsFormsApplication1", "WindowsFormsApplication1\WindowsFormsApplication1.csproj", "{F51FB7A4-95E9-4DB0-B389-4D3AF9B74ABA}"
EndProject
Project("{FAE04EC0-301F-11D3-BF4B-00C04F79EFBC}") = "button_event", "button_event\button_event.csproj", "{C11C09D6-27EC-40F6-BE84-FC3064161DCC}"
EndProject
Project("{FAE04EC0-301F-11D3-BF4B-00C04F79EFBC}") = "on click", "on click\on click.csproj", "{79A7A8C6-F3E3-46D9-A6B7-F4A55390880C}"
EndProject
Project("{FAE04EC0-301F-11D3-BF4B-00C04F79EFBC}") = "Add two numbers", "Add two numbers\Add two numbers.csproj", "{DB687FA6-9D3C-4CD9-BBA1-23CB08765CF4}"
EndProject
Project("{FAE04EC0-301F-11D3-BF4B-00C04F79EFBC}") = "Add two numbers 1", "Add two numbers 1\Add two numbers 1.csproj", "{FE7EC718-3419-4420-B711-1C71F5DFD53D}"
EndProject
Project("{FAE04EC0-301F-11D3-BF4B-00C04F79EFBC}") = "Lab Task", "Lab Task\Lab Task.csproj", "{B7E4A013-E3E9-4E02-8101-41898636180B}"
EndProject
Project("{FAE04EC0-301F-11D3-BF4B-00C04F79EFBC}") = "Simple Calculator", "Simple Calculator\Simple Calculator.csproj", "{A34CE383-D8A9-40E5-A60B-6ED8CCC38BFC}"
EndProject
Project("{FAE04EC0-301F-11D3-BF4B-00C04F79EFBC}") = "Simple calculator1", "Simple calculator1\Simple calculator1.csproj", "{FC4B9E33-B3B2-4608-B9DC-D9DC88D91B89}"
EndProject
Global
	GlobalSection(SolutionConfigurationPlatforms) = preSolution
		Debug|Mixed Platforms = Debug|Mixed Platforms
		Debug|Win32 = Debug|Win32
		Debug|x86 = Debug|x86
		Release|Mixed Platforms = Release|Mixed Platforms
		Release|Win32 = Release|Win32
		Release|x86 = Release|x86
	EndGlobalSection
	GlobalSection(ProjectConfigurationPlatforms) = postSolution
		{785E6206-0E45-493B-A873-D8B78E6E8CFB}.Debug|Mixed Platforms.ActiveCfg = Debug|x86
		{785E6206-0E45-493B-A873-D8B78E6E8CFB}.Debug|Mixed Platforms.Build.0 = Debug|x86
		{785E6206-0E45-493B-A873-D8B78E6E8CFB}.Debug|Win32.ActiveCfg = Debug|x86
		{785E6206-0E45-493B-A873-D8B78E6E8CFB}.Debug|x86.ActiveCfg = Debug|x86
		{785E6206-0E45-493B-A873-D8B78E6E8CFB}.Debug|x86.Build.0 = Debug|x86
		{785E6206-0E45-493B-A873-D8B78E6E8CFB}.Release|Mixed Platforms.ActiveCfg = Release|x86
		{785E6206-0E45-493B-A873-D8B78E6E8CFB}.Release|Mixed Platforms.Build.0 = Release|x86
		{785E6206-0E45-493B-A873-D8B78E6E8CFB}.Release|Win32.ActiveCfg = Release|x86
		{785E6206-0E45-493B-A873-D8B78E6E8CFB}.Release|x86.ActiveCfg = Release|x86
		{785E6206-0E45-493B-A873-D8B78E6E8CFB}.Release|x86.Build.0 = Release|x86
		{5B8228CD-7452-4592-83B2-4320C1757AE7}.Debug|Mixed Platforms.ActiveCfg = Debug|x86
		{5B8228CD-7452-4592-83B2-4320C1757AE7}.Debug|Mixed Platforms.Build.0 = Debug|x86
		{5B8228CD-7452-4592-83B2-4320C1757AE7}.Debug|Win32.ActiveCfg = Debug|x86
		{5B8228CD-7452-4592-83B2-4320C1757AE7}.Debug|x86.ActiveCfg = Debug|x86
		{5B8228CD-7452-4592-83B2-4320C1757AE7}.Debug|x86.Build.0 = Debug|x86
		{5B8228CD-7452-4592-83B2-4320C1757AE7}.Release|Mixed Platforms.ActiveCfg = Release|x86
		{5B8228CD-7452-4592-83B2-4320C1757AE7}.Release|Mixed Platforms.Build.0 = Release|x86
		{5B8228CD-7452-4592-83B2-4320C1757AE7}.Release|Win32.ActiveCfg = Release|x86
		{5B8228CD-7452-4592-83B2-4320C1757AE7}.Release|x86.ActiveCfg = Release|x86
		{5B8228CD-7452-4592-83B2-4320C1757AE7}.Release|x86.Build.0 = Release|x86
		{072F6FCE-98BC-4396-A380-B70943AB0527}.Debug|Mixed Platforms.ActiveCfg = Debug|x86
		{072F6FCE-98BC-4396-A380-B70943AB0527}.Debug|Mixed Platforms.Build.0 = Debug|x86
		{072F6FCE-98BC-4396-A380-B70943AB0527}.Debug|Win32.ActiveCfg = Debug|x86
		{072F6FCE-98BC-4396-A380-B70943AB0527}.Debug|x86.ActiveCfg = Debug|x86
		{072F6FCE-98BC-4396-A380-B70943AB0527}.Debug|x86.Build.0 = Debug|x86
		{072F6FCE-98BC-4396-A380-B70943AB0527}.Release|Mixed Platforms.ActiveCfg = Release|x86
		{072F6FCE-98BC-4396-A380-B70943AB0527}.Release|Mixed Platforms.Build.0 = Release|x86
		{072F6FCE-98BC-4396-A380-B70943AB0527}.Release|Win32.ActiveCfg = Release|x86
		{072F6FCE-98BC-4396-A380-B70943AB0527}.Release|x86.ActiveCfg = Release|x86
		{072F6FCE-98BC-4396-A380-B70943AB0527}.Release|x86.Build.0 = Release|x86
		{BBFC9CA1-9659-4512-902F-64F05068460A}.Debug|Mixed Platforms.ActiveCfg = Debug|x86
		{BBFC9CA1-9659-4512-902F-64F05068460A}.Debug|Mixed Platforms.Build.0 = Debug|x86
		{BBFC9CA1-9659-4512-902F-64F05068460A}.Debug|Win32.ActiveCfg = Debug|x86
		{BBFC9CA1-9659-4512-902F-64F05068460A}.Debug|x86.ActiveCfg = Debug|x86
		{BBFC9CA1-9659-4512-902F-64F05068460A}.Debug|x86.Build.0 = Debug|x86
		{BBFC9CA1-9659-4512-902F-64F05068460A}.Release|Mixed Platforms.ActiveCfg = Release|x86
		{BBFC9CA1-9659-4512-902F-64F05068460A}.Release|Mixed Platforms.Build.0 = Release|x86
		{BBFC9CA1-9659-4512-902F-64F05068460A}.Release|Win32.ActiveCfg = Release|x86
		{BBFC9CA1-9659-4512-902F-64F05068460A}.Release|x86.ActiveCfg = Release|x86
		{BBFC9CA1-9659-4512-902F-64F05068460A}.Release|x86.Build.0 = Release|x86
		{8AFD87AB-4DCC-41C1-8313-C6EC21E0286D}.Debug|Mixed Platforms.ActiveCfg = Debug|x86
		{8AFD87AB-4DCC-41C1-8313-C6EC21E0286D}.Debug|Mixed Platforms.Build.0 = Debug|x86
		{8AFD87AB-4DCC-41C1-8313-C6EC21E0286D}.Debug|Win32.ActiveCfg = Debug|x86
		{8AFD87AB-4DCC-41C1-8313-C6EC21E0286D}.Debug|x86.ActiveCfg = Debug|x86
		{8AFD87AB-4DCC-41C1-8313-C6EC21E0286D}.Debug|x86.Build.0 = Debug|x86
		{8AFD87AB-4DCC-41C1-8313-C6EC21E0286D}.Release|Mixed Platforms.ActiveCfg = Release|x86
		{8AFD87AB-4DCC-41C1-8313-C6EC21E0286D}.Release|Mixed Platforms.Build.0 = Release|x86
		{8AFD87AB-4DCC-41C1-8313-C6EC21E0286D}.Release|Win32.ActiveCfg = Release|x86
		{8AFD87AB-4DCC-41C1-8313-C6EC21E0286D}.Release|x86.ActiveCfg = Release|x86
		{8AFD87AB-4DCC-41C1-8313-C6EC21E0286D}.Release|x86.Build.0 = Release|x86
		{0A408E74-76FD-4AAF-9F51-C18DE06FAA5E}.Debug|Mixed Platforms.ActiveCfg = Debug|x86
		{0A408E74-76FD-4AAF-9F51-C18DE06FAA5E}.Debug|Mixed Platforms.Build.0 = Debug|x86
		{0A408E74-76FD-4AAF-9F51-C18DE06FAA5E}.Debug|Win32.ActiveCfg = Debug|x86
		{0A408E74-76FD-4AAF-9F51-C18DE06FAA5E}.Debug|x86.ActiveCfg = Debug|x86
		{0A408E74-76FD-4AAF-9F51-C18DE06FAA5E}.Debug|x86.Build.0 = Debug|x86
		{0A408E74-76FD-4AAF-9F51-C18DE06FAA5E}.Release|Mixed Platforms.ActiveCfg = Release|x86
		{0A408E74-76FD-4AAF-9F51-C18DE06FAA5E}.Release|Mixed Platforms.Build.0 = Release|x86
		{0A408E74-76FD-4AAF-9F51-C18DE06FAA5E}.Release|Win32.ActiveCfg = Release|x86
		{0A408E74-76FD-4AAF-9F51-C18DE06FAA5E}.Release|x86.ActiveCfg = Release|x86
		{0A408E74-76FD-4AAF-9F51-C18DE06FAA5E}.Release|x86.Build.0 = Release|x86
		{542461FC-701E-4427-93AA-650BC1AC1B9E}.Debug|Mixed Platforms.ActiveCfg = Debug|x86
		{542461FC-701E-4427-93AA-650BC1AC1B9E}.Debug|Mixed Platforms.Build.0 = Debug|x86
		{542461FC-701E-4427-93AA-650BC1AC1B9E}.Debug|Win32.ActiveCfg = Debug|x86
		{542461FC-701E-4427-93AA-650BC1AC1B9E}.Debug|x86.ActiveCfg = Debug|x86
		{542461FC-701E-4427-93AA-650BC1AC1B9E}.Debug|x86.Build.0 = Debug|x86
		{542461FC-701E-4427-93AA-650BC1AC1B9E}.Release|Mixed Platforms.ActiveCfg = Release|x86
		{542461FC-701E-4427-93AA-650BC1AC1B9E}.Release|Mixed Platforms.Build.0 = Release|x86
		{542461FC-701E-4427-93AA-650BC1AC1B9E}.Release|Win32.ActiveCfg = Release|x86
		{542461FC-701E-4427-93AA-650BC1AC1B9E}.Release|x86.ActiveCfg = Release|x86
		{542461FC-701E-4427-93AA-650BC1AC1B9E}.Release|x86.Build.0 = Release|x86
		{9C2FEA9D-3B0C-4F3B-A7C1-310E0D3F9DBA}.Debug|Mixed Platforms.ActiveCfg = Debug|x86
		{9C2FEA9D-3B0C-4F3B-A7C1-310E0D3F9DBA}.Debug|Mixed Platforms.Build.0 = Debug|x86
		{9C2FEA9D-3B0C-4F3B-A7C1-310E0D3F9DBA}.Debug|Win32.ActiveCfg = Debug|x86
		{9C2FEA9D-3B0C-4F3B-A7C1-310E0D3F9DBA}.Debug|x86.ActiveCfg = Debug|x86
		{9C2FEA9D-3B0C-4F3B-A7C1-310E0D3F9DBA}.Debug|x86.Build.0 = Debug|x86
		{9C2FEA9D-3B0C-4F3B-A7C1-310E0D3F9DBA}.Release|Mixed Platforms.ActiveCfg = Release|x86
		{9C2FEA9D-3B0C-4F3B-A7C1-310E0D3F9DBA}.Release|Mixed Platforms.Build.0 = Release|x86
		{9C2FEA9D-3B0C-4F3B-A7C1-310E0D3F9DBA}.Release|Win32.ActiveCfg = Release|x86
		{9C2FEA9D-3B0C-4F3B-A7C1-310E0D3F9DBA}.Release|x86.ActiveCfg = Release|x86
		{9C2FEA9D-3B0C-4F3B-A7C1-310E0D3F9DBA}.Release|x86.Build.0 = Release|x86
		{F146BF1A-797B-4BE6-A553-77EA179A1D6D}.Debug|Mixed Platforms.ActiveCfg = Debug|x86
		{F146BF1A-797B-4BE6-A553-77EA179A1D6D}.Debug|Mixed Platforms.Build.0 = Debug|x86
		{F146BF1A-797B-4BE6-A553-77EA179A1D6D}.Debug|Win32.ActiveCfg = Debug|x86
		{F146BF1A-797B-4BE6-A553-77EA179A1D6D}.Debug|x86.ActiveCfg = Debug|x86
		{F146BF1A-797B-4BE6-A553-77EA179A1D6D}.Debug|x86.Build.0 = Debug|x86
		{F146BF1A-797B-4BE6-A553-77EA179A1D6D}.Release|Mixed Platforms.ActiveCfg = Release|x86
		{F146BF1A-797B-4BE6-A553-77EA179A1D6D}.Release|Mixed Platforms.Build.0 = Release|x86
		{F146BF1A-797B-4BE6-A553-77EA179A1D6D}.Release|Win32.ActiveCfg = Release|x86
		{F146BF1A-797B-4BE6-A553-77EA179A1D6D}.Release|x86.ActiveCfg = Release|x86
		{F146BF1A-797B-4BE6-A553-77EA179A1D6D}.Release|x86.Build.0 = Release|x86
		{B5655487-13EC-47AF-82EF-397CF4AEB102}.Debug|Mixed Platforms.ActiveCfg = Debug|x86
		{B5655487-13EC-47AF-82EF-397CF4AEB102}.Debug|Mixed Platforms.Build.0 = Debug|x86
		{B5655487-13EC-47AF-82EF-397CF4AEB102}.Debug|Win32.ActiveCfg = Debug|x86
		{B5655487-13EC-47AF-82EF-397CF4AEB102}.Debug|x86.ActiveCfg = Debug|x86
		{B5655487-13EC-47AF-82EF-397CF4AEB102}.Debug|x86.Build.0 = Debug|x86
		{B5655487-13EC-47AF-82EF-397CF4AEB102}.Release|Mixed Platforms.ActiveCfg = Release|x86
		{B5655487-13EC-47AF-82EF-397CF4AEB102}.Release|Mixed Platforms.Build.0 = Release|x86
		{B5655487-13EC-47AF-82EF-397CF4AEB102}.Release|Win32.ActiveCfg = Release|x86
		{B5655487-13EC-47AF-82EF-397CF4AEB102}.Release|x86.ActiveCfg = Release|x86
		{B5655487-13EC-47AF-82EF-397CF4AEB102}.Release|x86.Build.0 = Release|x86
		{BB56E8B6-C84F-4608-9781-40869DB6EAE9}.Debug|Mixed Platforms.ActiveCfg = Debug|x86
		{BB56E8B6-C84F-4608-9781-40869DB6EAE9}.Debug|Mixed Platforms.Build.0 = Debug|x86
		{BB56E8B6-C84F-4608-9781-40869DB6EAE9}.Debug|Win32.ActiveCfg = Debug|x86
		{BB56E8B6-C84F-4608-9781-40869DB6EAE9}.Debug|x86.ActiveCfg = Debug|x86
		{BB56E8B6-C84F-4608-9781-40869DB6EAE9}.Debug|x86.Build.0 = Debug|x86
		{BB56E8B6-C84F-4608-9781-40869DB6EAE9}.Release|Mixed Platforms.ActiveCfg = Release|x86
		{BB56E8B6-C84F-4608-9781-40869DB6EAE9}.Release|Mixed Platforms.Build.0 = Release|x86
		{BB56E8B6-C84F-4608-9781-40869DB6EAE9}.Release|Win32.ActiveCfg = Release|x86
		{BB56E8B6-C84F-4608-9781-40869DB6EAE9}.Release|x86.ActiveCfg = Release|x86
		{BB56E8B6-C84F-4608-9781-40869DB6EAE9}.Release|x86.Build.0 = Release|x86
		{654BA62C-50B6-408F-94AA-D5EA05C1732F}.Debug|Mixed Platforms.ActiveCfg = Debug|x86
		{654BA62C-50B6-408F-94AA-D5EA05C1732F}.Debug|Mixed Platforms.Build.0 = Debug|x86
		{654BA62C-50B6-408F-94AA-D5EA05C1732F}.Debug|Win32.ActiveCfg = Debug|x86
		{654BA62C-50B6-408F-94AA-D5EA05C1732F}.Debug|x86.ActiveCfg = Debug|x86
		{654BA62C-50B6-408F-94AA-D5EA05C1732F}.Debug|x86.Build.0 = Debug|x86
		{654BA62C-50B6-408F-94AA-D5EA05C1732F}.Release|Mixed Platforms.ActiveCfg = Release|x86
		{654BA62C-50B6-408F-94AA-D5EA05C1732F}.Release|Mixed Platforms.Build.0 = Release|x86
		{654BA62C-50B6-408F-94AA-D5EA05C1732F}.Release|Win32.ActiveCfg = Release|x86
		{654BA62C-50B6-408F-94AA-D5EA05C1732F}.Release|x86.ActiveCfg = Release|x86
		{654BA62C-50B6-408F-94AA-D5EA05C1732F}.Release|x86.Build.0 = Release|x86
		{53159BB7-AB46-44F5-8383-7AAD44D2C1FD}.Debug|Mixed Platforms.ActiveCfg = Debug|x86
		{53159BB7-AB46-44F5-8383-7AAD44D2C1FD}.Debug|Mixed Platforms.Build.0 = Debug|x86
		{53159BB7-AB46-44F5-8383-7AAD44D2C1FD}.Debug|Win32.ActiveCfg = Debug|x86
		{53159BB7-AB46-44F5-8383-7AAD44D2C1FD}.Debug|x86.ActiveCfg = Debug|x86
		{53159BB7-AB46-44F5-8383-7AAD44D2C1FD}.Debug|x86.Build.0 = Debug|x86
		{53159BB7-AB46-44F5-8383-7AAD44D2C1FD}.Release|Mixed Platforms.ActiveCfg = Release|x86
		{53159BB7-AB46-44F5-8383-7AAD44D2C1FD}.Release|Mixed Platforms.Build.0 = Release|x86
		{53159BB7-AB46-44F5-8383-7AAD44D2C1FD}.Release|Win32.ActiveCfg = Release|x86
		{53159BB7-AB46-44F5-8383-7AAD44D2C1FD}.Release|x86.ActiveCfg = Release|x86
		{53159BB7-AB46-44F5-8383-7AAD44D2C1FD}.Release|x86.Build.0 = Release|x86
		{E744AD31-EFF6-4D15-90E3-95B9B2459A6D}.Debug|Mixed Platforms.ActiveCfg = Debug|x86
		{E744AD31-EFF6-4D15-90E3-95B9B2459A6D}.Debug|Mixed Platforms.Build.0 = Debug|x86
		{E744AD31-EFF6-4D15-90E3-95B9B2459A6D}.Debug|Win32.ActiveCfg = Debug|x86
		{E744AD31-EFF6-4D15-90E3-95B9B2459A6D}.Debug|x86.ActiveCfg = Debug|x86
		{E744AD31-EFF6-4D15-90E3-95B9B2459A6D}.Debug|x86.Build.0 = Debug|x86
		{E744AD31-EFF6-4D15-90E3-95B9B2459A6D}.Release|Mixed Platforms.ActiveCfg = Release|x86
		{E744AD31-EFF6-4D15-90E3-95B9B2459A6D}.Release|Mixed Platforms.Build.0 = Release|x86
		{E744AD31-EFF6-4D15-90E3-95B9B2459A6D}.Release|Win32.ActiveCfg = Release|x86
		{E744AD31-EFF6-4D15-90E3-95B9B2459A6D}.Release|x86.ActiveCfg = Release|x86
		{E744AD31-EFF6-4D15-90E3-95B9B2459A6D}.Release|x86.Build.0 = Release|x86
		{2509C643-63E6-461F-A26F-CD8C13AC3275}.Debug|Mixed Platforms.ActiveCfg = Debug|x86
		{2509C643-63E6-461F-A26F-CD8C13AC3275}.Debug|Mixed Platforms.Build.0 = Debug|x86
		{2509C643-63E6-461F-A26F-CD8C13AC3275}.Debug|Win32.ActiveCfg = Debug|x86
		{2509C643-63E6-461F-A26F-CD8C13AC3275}.Debug|x86.ActiveCfg = Debug|x86
		{2509C643-63E6-461F-A26F-CD8C13AC3275}.Debug|x86.Build.0 = Debug|x86
		{2509C643-63E6-461F-A26F-CD8C13AC3275}.Release|Mixed Platforms.ActiveCfg = Release|x86
		{2509C643-63E6-461F-A26F-CD8C13AC3275}.Release|Mixed Platforms.Build.0 = Release|x86
		{2509C643-63E6-461F-A26F-CD8C13AC3275}.Release|Win32.ActiveCfg = Release|x86
		{2509C643-63E6-461F-A26F-CD8C13AC3275}.Release|x86.ActiveCfg = Release|x86
		{2509C643-63E6-461F-A26F-CD8C13AC3275}.Release|x86.Build.0 = Release|x86
		{B6957134-1B31-477B-831B-A78C880B5D3D}.Debug|Mixed Platforms.ActiveCfg = Debug|x86
		{B6957134-1B31-477B-831B-A78C880B5D3D}.Debug|Mixed Platforms.Build.0 = Debug|x86
		{B6957134-1B31-477B-831B-A78C880B5D3D}.Debug|Win32.ActiveCfg = Debug|x86
		{B6957134-1B31-477B-831B-A78C880B5D3D}.Debug|x86.ActiveCfg = Debug|x86
		{B6957134-1B31-477B-831B-A78C880B5D3D}.Debug|x86.Build.0 = Debug|x86
		{B6957134-1B31-477B-831B-A78C880B5D3D}.Release|Mixed Platforms.ActiveCfg = Release|x86
		{B6957134-1B31-477B-831B-A78C880B5D3D}.Release|Mixed Platforms.Build.0 = Release|x86
		{B6957134-1B31-477B-831B-A78C880B5D3D}.Release|Win32.ActiveCfg = Release|x86
		{B6957134-1B31-477B-831B-A78C880B5D3D}.Release|x86.ActiveCfg = Release|x86
		{B6957134-1B31-477B-831B-A78C880B5D3D}.Release|x86.Build.0 = Release|x86
		{29B1A5B1-1586-4544-AF60-3622539336D1}.Debug|Mixed Platforms.ActiveCfg = Debug|x86
		{29B1A5B1-1586-4544-AF60-3622539336D1}.Debug|Mixed Platforms.Build.0 = Debug|x86
		{29B1A5B1-1586-4544-AF60-3622539336D1}.Debug|Win32.ActiveCfg = Debug|x86
		{29B1A5B1-1586-4544-AF60-3622539336D1}.Debug|x86.ActiveCfg = Debug|x86
		{29B1A5B1-1586-4544-AF60-3622539336D1}.Debug|x86.Build.0 = Debug|x86
		{29B1A5B1-1586-4544-AF60-3622539336D1}.Release|Mixed Platforms.ActiveCfg = Release|x86
		{29B1A5B1-1586-4544-AF60-3622539336D1}.Release|Mixed Platforms.Build.0 = Release|x86
		{29B1A5B1-1586-4544-AF60-3622539336D1}.Release|Win32.ActiveCfg = Release|x86
		{29B1A5B1-1586-4544-AF60-3622539336D1}.Release|x86.ActiveCfg = Release|x86
		{29B1A5B1-1586-4544-AF60-3622539336D1}.Release|x86.Build.0 = Release|x86
		{DEDB6DF3-8E15-4667-8CCB-21BABFD4F262}.Debug|Mixed Platforms.ActiveCfg = Debug|x86
		{DEDB6DF3-8E15-4667-8CCB-21BABFD4F262}.Debug|Mixed Platforms.Build.0 = Debug|x86
		{DEDB6DF3-8E15-4667-8CCB-21BABFD4F262}.Debug|Win32.ActiveCfg = Debug|x86
		{DEDB6DF3-8E15-4667-8CCB-21BABFD4F262}.Debug|x86.ActiveCfg = Debug|x86
		{DEDB6DF3-8E15-4667-8CCB-21BABFD4F262}.Debug|x86.Build.0 = Debug|x86
		{DEDB6DF3-8E15-4667-8CCB-21BABFD4F262}.Release|Mixed Platforms.ActiveCfg = Release|x86
		{DEDB6DF3-8E15-4667-8CCB-21BABFD4F262}.Release|Mixed Platforms.Build.0 = Release|x86
		{DEDB6DF3-8E15-4667-8CCB-21BABFD4F262}.Release|Win32.ActiveCfg = Release|x86
		{DEDB6DF3-8E15-4667-8CCB-21BABFD4F262}.Release|x86.ActiveCfg = Release|x86
		{DEDB6DF3-8E15-4667-8CCB-21BABFD4F262}.Release|x86.Build.0 = Release|x86
		{26B9C7F3-399F-489A-98A7-571C22528851}.Debug|Mixed Platforms.ActiveCfg = Debug|x86
		{26B9C7F3-399F-489A-98A7-571C22528851}.Debug|Mixed Platforms.Build.0 = Debug|x86
		{26B9C7F3-399F-489A-98A7-571C22528851}.Debug|Win32.ActiveCfg = Debug|x86
		{26B9C7F3-399F-489A-98A7-571C22528851}.Debug|x86.ActiveCfg = Debug|x86
		{26B9C7F3-399F-489A-98A7-571C22528851}.Debug|x86.Build.0 = Debug|x86
		{26B9C7F3-399F-489A-98A7-571C22528851}.Release|Mixed Platforms.ActiveCfg = Release|x86
		{26B9C7F3-399F-489A-98A7-571C22528851}.Release|Mixed Platforms.Build.0 = Release|x86
		{26B9C7F3-399F-489A-98A7-571C22528851}.Release|Win32.ActiveCfg = Release|x86
		{26B9C7F3-399F-489A-98A7-571C22528851}.Release|x86.ActiveCfg = Release|x86
		{26B9C7F3-399F-489A-98A7-571C22528851}.Release|x86.Build.0 = Release|x86
		{C5695629-023A-4BDF-9FFE-01184F3803D3}.Debug|Mixed Platforms.ActiveCfg = Debug|x86
		{C5695629-023A-4BDF-9FFE-01184F3803D3}.Debug|Mixed Platforms.Build.0 = Debug|x86
		{C5695629-023A-4BDF-9FFE-01184F3803D3}.Debug|Win32.ActiveCfg = Debug|x86
		{C5695629-023A-4BDF-9FFE-01184F3803D3}.Debug|x86.ActiveCfg = Debug|x86
		{C5695629-023A-4BDF-9FFE-01184F3803D3}.Debug|x86.Build.0 = Debug|x86
		{C5695629-023A-4BDF-9FFE-01184F3803D3}.Release|Mixed Platforms.ActiveCfg = Release|x86
		{C5695629-023A-4BDF-9FFE-01184F3803D3}.Release|Mixed Platforms.Build.0 = Release|x86
		{C5695629-023A-4BDF-9FFE-01184F3803D3}.Release|Win32.ActiveCfg = Release|x86
		{C5695629-023A-4BDF-9FFE-01184F3803D3}.Release|x86.ActiveCfg = Release|x86
		{C5695629-023A-4BDF-9FFE-01184F3803D3}.Release|x86.Build.0 = Release|x86
		{F38C3AF5-D0CB-41A7-89E2-1604A3BED182}.Debug|Mixed Platforms.ActiveCfg = Debug|x86
		{F38C3AF5-D0CB-41A7-89E2-1604A3BED182}.Debug|Mixed Platforms.Build.0 = Debug|x86
		{F38C3AF5-D0CB-41A7-89E2-1604A3BED182}.Debug|Win32.ActiveCfg = Debug|x86
		{F38C3AF5-D0CB-41A7-89E2-1604A3BED182}.Debug|x86.ActiveCfg = Debug|x86
		{F38C3AF5-D0CB-41A7-89E2-1604A3BED182}.Debug|x86.Build.0 = Debug|x86
		{F38C3AF5-D0CB-41A7-89E2-1604A3BED182}.Release|Mixed Platforms.ActiveCfg = Release|x86
		{F38C3AF5-D0CB-41A7-89E2-1604A3BED182}.Release|Mixed Platforms.Build.0 = Release|x86
		{F38C3AF5-D0CB-41A7-89E2-1604A3BED182}.Release|Win32.ActiveCfg = Release|x86
		{F38C3AF5-D0CB-41A7-89E2-1604A3BED182}.Release|x86.ActiveCfg = Release|x86
		{F38C3AF5-D0CB-41A7-89E2-1604A3BED182}.Release|x86.Build.0 = Release|x86
		{35E9841A-1DB8-4AF8-9157-A4E89AEC1188}.Debug|Mixed Platforms.ActiveCfg = Debug|x86
		{35E9841A-1DB8-4AF8-9157-A4E89AEC1188}.Debug|Mixed Platforms.Build.0 = Debug|x86
		{35E9841A-1DB8-4AF8-9157-A4E89AEC1188}.Debug|Win32.ActiveCfg = Debug|x86
		{35E9841A-1DB8-4AF8-9157-A4E89AEC1188}.Debug|x86.ActiveCfg = Debug|x86
		{35E9841A-1DB8-4AF8-9157-A4E89AEC1188}.Debug|x86.Build.0 = Debug|x86
		{35E9841A-1DB8-4AF8-9157-A4E89AEC1188}.Release|Mixed Platforms.ActiveCfg = Release|x86
		{35E9841A-1DB8-4AF8-9157-A4E89AEC1188}.Release|Mixed Platforms.Build.0 = Release|x86
		{35E9841A-1DB8-4AF8-9157-A4E89AEC1188}.Release|Win32.ActiveCfg = Release|x86
		{35E9841A-1DB8-4AF8-9157-A4E89AEC1188}.Release|x86.ActiveCfg = Release|x86
		{35E9841A-1DB8-4AF8-9157-A4E89AEC1188}.Release|x86.Build.0 = Release|x86
		{0F0C96B7-8D94-4203-AAF9-F6793FCD03F7}.Debug|Mixed Platforms.ActiveCfg = Debug|x86
		{0F0C96B7-8D94-4203-AAF9-F6793FCD03F7}.Debug|Mixed Platforms.Build.0 = Debug|x86
		{0F0C96B7-8D94-4203-AAF9-F6793FCD03F7}.Debug|Win32.ActiveCfg = Debug|x86
		{0F0C96B7-8D94-4203-AAF9-F6793FCD03F7}.Debug|x86.ActiveCfg = Debug|x86
		{0F0C96B7-8D94-4203-AAF9-F6793FCD03F7}.Debug|x86.Build.0 = Debug|x86
		{0F0C96B7-8D94-4203-AAF9-F6793FCD03F7}.Release|Mixed Platforms.ActiveCfg = Release|x86
		{0F0C96B7-8D94-4203-AAF9-F6793FCD03F7}.Release|Mixed Platforms.Build.0 = Release|x86
		{0F0C96B7-8D94-4203-AAF9-F6793FCD03F7}.Release|Win32.ActiveCfg = Release|x86
		{0F0C96B7-8D94-4203-AAF9-F6793FCD03F7}.Release|x86.ActiveCfg = Release|x86
		{0F0C96B7-8D94-4203-AAF9-F6793FCD03F7}.Release|x86.Build.0 = Release|x86
		{E97E4B9D-30E3-485C-97BD-A47B9D90618A}.Debug|Mixed Platforms.ActiveCfg = Debug|x86
		{E97E4B9D-30E3-485C-97BD-A47B9D90618A}.Debug|Mixed Platforms.Build.0 = Debug|x86
		{E97E4B9D-30E3-485C-97BD-A47B9D90618A}.Debug|Win32.ActiveCfg = Debug|x86
		{E97E4B9D-30E3-485C-97BD-A47B9D90618A}.Debug|x86.ActiveCfg = Debug|x86
		{E97E4B9D-30E3-485C-97BD-A47B9D90618A}.Debug|x86.Build.0 = Debug|x86
		{E97E4B9D-30E3-485C-97BD-A47B9D90618A}.Release|Mixed Platforms.ActiveCfg = Release|x86
		{E97E4B9D-30E3-485C-97BD-A47B9D90618A}.Release|Mixed Platforms.Build.0 = Release|x86
		{E97E4B9D-30E3-485C-97BD-A47B9D90618A}.Release|Win32.ActiveCfg = Release|x86
		{E97E4B9D-30E3-485C-97BD-A47B9D90618A}.Release|x86.ActiveCfg = Release|x86
		{E97E4B9D-30E3-485C-97BD-A47B9D90618A}.Release|x86.Build.0 = Release|x86
		{86FFF781-D2D6-4A3F-A313-3BB20B9CAD2A}.Debug|Mixed Platforms.ActiveCfg = Debug|x86
		{86FFF781-D2D6-4A3F-A313-3BB20B9CAD2A}.Debug|Mixed Platforms.Build.0 = Debug|x86
		{86FFF781-D2D6-4A3F-A313-3BB20B9CAD2A}.Debug|Win32.ActiveCfg = Debug|x86
		{86FFF781-D2D6-4A3F-A313-3BB20B9CAD2A}.Debug|x86.ActiveCfg = Debug|x86
		{86FFF781-D2D6-4A3F-A313-3BB20B9CAD2A}.Debug|x86.Build.0 = Debug|x86
		{86FFF781-D2D6-4A3F-A313-3BB20B9CAD2A}.Release|Mixed Platforms.ActiveCfg = Release|x86
		{86FFF781-D2D6-4A3F-A313-3BB20B9CAD2A}.Release|Mixed Platforms.Build.0 = Release|x86
		{86FFF781-D2D6-4A3F-A313-3BB20B9CAD2A}.Release|Win32.ActiveCfg = Release|x86
		{86FFF781-D2D6-4A3F-A313-3BB20B9CAD2A}.Release|x86.ActiveCfg = Release|x86
		{86FFF781-D2D6-4A3F-A313-3BB20B9CAD2A}.Release|x86.Build.0 = Release|x86
		{957D1213-94B2-4BFE-B04C-FD026FBC5FC6}.Debug|Mixed Platforms.ActiveCfg = Debug|x86
		{957D1213-94B2-4BFE-B04C-FD026FBC5FC6}.Debug|Mixed Platforms.Build.0 = Debug|x86
		{957D1213-94B2-4BFE-B04C-FD026FBC5FC6}.Debug|Win32.ActiveCfg = Debug|x86
		{957D1213-94B2-4BFE-B04C-FD026FBC5FC6}.Debug|x86.ActiveCfg = Debug|x86
		{957D1213-94B2-4BFE-B04C-FD026FBC5FC6}.Debug|x86.Build.0 = Debug|x86
		{957D1213-94B2-4BFE-B04C-FD026FBC5FC6}.Release|Mixed Platforms.ActiveCfg = Release|x86
		{957D1213-94B2-4BFE-B04C-FD026FBC5FC6}.Release|Mixed Platforms.Build.0 = Release|x86
		{957D1213-94B2-4BFE-B04C-FD026FBC5FC6}.Release|Win32.ActiveCfg = Release|x86
		{957D1213-94B2-4BFE-B04C-FD026FBC5FC6}.Release|x86.ActiveCfg = Release|x86
		{957D1213-94B2-4BFE-B04C-FD026FBC5FC6}.Release|x86.Build.0 = Release|x86
		{A4D6887E-79A9-4DAD-8821-C75FCF529B3C}.Debug|Mixed Platforms.ActiveCfg = Debug|x86
		{A4D6887E-79A9-4DAD-8821-C75FCF529B3C}.Debug|Mixed Platforms.Build.0 = Debug|x86
		{A4D6887E-79A9-4DAD-8821-C75FCF529B3C}.Debug|Win32.ActiveCfg = Debug|x86
		{A4D6887E-79A9-4DAD-8821-C75FCF529B3C}.Debug|x86.ActiveCfg = Debug|x86
		{A4D6887E-79A9-4DAD-8821-C75FCF529B3C}.Debug|x86.Build.0 = Debug|x86
		{A4D6887E-79A9-4DAD-8821-C75FCF529B3C}.Release|Mixed Platforms.ActiveCfg = Release|x86
		{A4D6887E-79A9-4DAD-8821-C75FCF529B3C}.Release|Mixed Platforms.Build.0 = Release|x86
		{A4D6887E-79A9-4DAD-8821-C75FCF529B3C}.Release|Win32.ActiveCfg = Release|x86
		{A4D6887E-79A9-4DAD-8821-C75FCF529B3C}.Release|x86.ActiveCfg = Release|x86
		{A4D6887E-79A9-4DAD-8821-C75FCF529B3C}.Release|x86.Build.0 = Release|x86
		{BAC2DA69-83DF-487A-9379-9DB918AEF754}.Debug|Mixed Platforms.ActiveCfg = Debug|x86
		{BAC2DA69-83DF-487A-9379-9DB918AEF754}.Debug|Mixed Platforms.Build.0 = Debug|x86
		{BAC2DA69-83DF-487A-9379-9DB918AEF754}.Debug|Win32.ActiveCfg = Debug|x86
		{BAC2DA69-83DF-487A-9379-9DB918AEF754}.Debug|x86.ActiveCfg = Debug|x86
		{BAC2DA69-83DF-487A-9379-9DB918AEF754}.Debug|x86.Build.0 = Debug|x86
		{BAC2DA69-83DF-487A-9379-9DB918AEF754}.Release|Mixed Platforms.ActiveCfg = Release|x86
		{BAC2DA69-83DF-487A-9379-9DB918AEF754}.Release|Mixed Platforms.Build.0 = Release|x86
		{BAC2DA69-83DF-487A-9379-9DB918AEF754}.Release|Win32.ActiveCfg = Release|x86
		{BAC2DA69-83DF-487A-9379-9DB918AEF754}.Release|x86.ActiveCfg = Release|x86
		{BAC2DA69-83DF-487A-9379-9DB918AEF754}.Release|x86.Build.0 = Release|x86
		{62870345-FDAE-48A4-AC54-96A300C60FE3}.Debug|Mixed Platforms.ActiveCfg = Debug|x86
		{62870345-FDAE-48A4-AC54-96A300C60FE3}.Debug|Mixed Platforms.Build.0 = Debug|x86
		{62870345-FDAE-48A4-AC54-96A300C60FE3}.Debug|Win32.ActiveCfg = Debug|x86
		{62870345-FDAE-48A4-AC54-96A300C60FE3}.Debug|x86.ActiveCfg = Debug|x86
		{62870345-FDAE-48A4-AC54-96A300C60FE3}.Debug|x86.Build.0 = Debug|x86
		{62870345-FDAE-48A4-AC54-96A300C60FE3}.Release|Mixed Platforms.ActiveCfg = Release|x86
		{62870345-FDAE-48A4-AC54-96A300C60FE3}.Release|Mixed Platforms.Build.0 = Release|x86
		{62870345-FDAE-48A4-AC54-96A300C60FE3}.Release|Win32.ActiveCfg = Release|x86
		{62870345-FDAE-48A4-AC54-96A300C60FE3}.Release|x86.ActiveCfg = Release|x86
		{62870345-FDAE-48A4-AC54-96A300C60FE3}.Release|x86.Build.0 = Release|x86
		{917E377A-AAA9-4D9C-B16B-916CDBE16854}.Debug|Mixed Platforms.ActiveCfg = Debug|x86
		{917E377A-AAA9-4D9C-B16B-916CDBE16854}.Debug|Mixed Platforms.Build.0 = Debug|x86
		{917E377A-AAA9-4D9C-B16B-916CDBE16854}.Debug|Win32.ActiveCfg = Debug|x86
		{917E377A-AAA9-4D9C-B16B-916CDBE16854}.Debug|x86.ActiveCfg = Debug|x86
		{917E377A-AAA9-4D9C-B16B-916CDBE16854}.Debug|x86.Build.0 = Debug|x86
		{917E377A-AAA9-4D9C-B16B-916CDBE16854}.Release|Mixed Platforms.ActiveCfg = Release|x86
		{917E377A-AAA9-4D9C-B16B-916CDBE16854}.Release|Mixed Platforms.Build.0 = Release|x86
		{917E377A-AAA9-4D9C-B16B-916CDBE16854}.Release|Win32.ActiveCfg = Release|x86
		{917E377A-AAA9-4D9C-B16B-916CDBE16854}.Release|x86.ActiveCfg = Release|x86
		{917E377A-AAA9-4D9C-B16B-916CDBE16854}.Release|x86.Build.0 = Release|x86
		{B8B9A989-30AC-4EFF-989A-7B6CE507BE08}.Debug|Mixed Platforms.ActiveCfg = Debug|x86
		{B8B9A989-30AC-4EFF-989A-7B6CE507BE08}.Debug|Mixed Platforms.Build.0 = Debug|x86
		{B8B9A989-30AC-4EFF-989A-7B6CE507BE08}.Debug|Win32.ActiveCfg = Debug|x86
		{B8B9A989-30AC-4EFF-989A-7B6CE507BE08}.Debug|x86.ActiveCfg = Debug|x86
		{B8B9A989-30AC-4EFF-989A-7B6CE507BE08}.Debug|x86.Build.0 = Debug|x86
		{B8B9A989-30AC-4EFF-989A-7B6CE507BE08}.Release|Mixed Platforms.ActiveCfg = Release|x86
		{B8B9A989-30AC-4EFF-989A-7B6CE507BE08}.Release|Mixed Platforms.Build.0 = Release|x86
		{B8B9A989-30AC-4EFF-989A-7B6CE507BE08}.Release|Win32.ActiveCfg = Release|x86
		{B8B9A989-30AC-4EFF-989A-7B6CE507BE08}.Release|x86.ActiveCfg = Release|x86
		{B8B9A989-30AC-4EFF-989A-7B6CE507BE08}.Release|x86.Build.0 = Release|x86
		{4E5A672C-3D70-499F-A237-F9BB88D18F93}.Debug|Mixed Platforms.ActiveCfg = Debug|x86
		{4E5A672C-3D70-499F-A237-F9BB88D18F93}.Debug|Mixed Platforms.Build.0 = Debug|x86
		{4E5A672C-3D70-499F-A237-F9BB88D18F93}.Debug|Win32.ActiveCfg = Debug|x86
		{4E5A672C-3D70-499F-A237-F9BB88D18F93}.Debug|x86.ActiveCfg = Debug|x86
		{4E5A672C-3D70-499F-A237-F9BB88D18F93}.Debug|x86.Build.0 = Debug|x86
		{4E5A672C-3D70-499F-A237-F9BB88D18F93}.Release|Mixed Platforms.ActiveCfg = Release|x86
		{4E5A672C-3D70-499F-A237-F9BB88D18F93}.Release|Mixed Platforms.Build.0 = Release|x86
		{4E5A672C-3D70-499F-A237-F9BB88D18F93}.Release|Win32.ActiveCfg = Release|x86
		{4E5A672C-3D70-499F-A237-F9BB88D18F93}.Release|x86.ActiveCfg = Release|x86
		{4E5A672C-3D70-499F-A237-F9BB88D18F93}.Release|x86.Build.0 = Release|x86
		{9AF432A2-8301-4C79-9550-7046ECEE74B0}.Debug|Mixed Platforms.ActiveCfg = Debug|x86
		{9AF432A2-8301-4C79-9550-7046ECEE74B0}.Debug|Mixed Platforms.Build.0 = Debug|x86
		{9AF432A2-8301-4C79-9550-7046ECEE74B0}.Debug|Win32.ActiveCfg = Debug|x86
		{9AF432A2-8301-4C79-9550-7046ECEE74B0}.Debug|x86.ActiveCfg = Debug|x86
		{9AF432A2-8301-4C79-9550-7046ECEE74B0}.Debug|x86.Build.0 = Debug|x86
		{9AF432A2-8301-4C79-9550-7046ECEE74B0}.Release|Mixed Platforms.ActiveCfg = Release|x86
		{9AF432A2-8301-4C79-9550-7046ECEE74B0}.Release|Mixed Platforms.Build.0 = Release|x86
		{9AF432A2-8301-4C79-9550-7046ECEE74B0}.Release|Win32.ActiveCfg = Release|x86
		{9AF432A2-8301-4C79-9550-7046ECEE74B0}.Release|x86.ActiveCfg = Release|x86
		{9AF432A2-8301-4C79-9550-7046ECEE74B0}.Release|x86.Build.0 = Release|x86
		{79757E59-5127-4C04-B96C-78F0F77C2218}.Debug|Mixed Platforms.ActiveCfg = Debug|x86
		{79757E59-5127-4C04-B96C-78F0F77C2218}.Debug|Mixed Platforms.Build.0 = Debug|x86
		{79757E59-5127-4C04-B96C-78F0F77C2218}.Debug|Win32.ActiveCfg = Debug|x86
		{79757E59-5127-4C04-B96C-78F0F77C2218}.Debug|x86.ActiveCfg = Debug|x86
		{79757E59-5127-4C04-B96C-78F0F77C2218}.Debug|x86.Build.0 = Debug|x86
		{79757E59-5127-4C04-B96C-78F0F77C2218}.Release|Mixed Platforms.ActiveCfg = Release|x86
		{79757E59-5127-4C04-B96C-78F0F77C2218}.Release|Mixed Platforms.Build.0 = Release|x86
		{79757E59-5127-4C04-B96C-78F0F77C2218}.Release|Win32.ActiveCfg = Release|x86
		{79757E59-5127-4C04-B96C-78F0F77C2218}.Release|x86.ActiveCfg = Release|x86
		{79757E59-5127-4C04-B96C-78F0F77C2218}.Release|x86.Build.0 = Release|x86
		{A767997C-443A-4EA1-8A62-D7933E41DA52}.Debug|Mixed Platforms.ActiveCfg = Debug|x86
		{A767997C-443A-4EA1-8A62-D7933E41DA52}.Debug|Mixed Platforms.Build.0 = Debug|x86
		{A767997C-443A-4EA1-8A62-D7933E41DA52}.Debug|Win32.ActiveCfg = Debug|x86
		{A767997C-443A-4EA1-8A62-D7933E41DA52}.Debug|x86.ActiveCfg = Debug|x86
		{A767997C-443A-4EA1-8A62-D7933E41DA52}.Debug|x86.Build.0 = Debug|x86
		{A767997C-443A-4EA1-8A62-D7933E41DA52}.Release|Mixed Platforms.ActiveCfg = Release|x86
		{A767997C-443A-4EA1-8A62-D7933E41DA52}.Release|Mixed Platforms.Build.0 = Release|x86
		{A767997C-443A-4EA1-8A62-D7933E41DA52}.Release|Win32.ActiveCfg = Release|x86
		{A767997C-443A-4EA1-8A62-D7933E41DA52}.Release|x86.ActiveCfg = Release|x86
		{A767997C-443A-4EA1-8A62-D7933E41DA52}.Release|x86.Build.0 = Release|x86
		{56AF59B8-C650-4074-BF8F-042F83D22CA3}.Debug|Mixed Platforms.ActiveCfg = Debug|x86
		{56AF59B8-C650-4074-BF8F-042F83D22CA3}.Debug|Mixed Platforms.Build.0 = Debug|x86
		{56AF59B8-C650-4074-BF8F-042F83D22CA3}.Debug|Win32.ActiveCfg = Debug|x86
		{56AF59B8-C650-4074-BF8F-042F83D22CA3}.Debug|x86.ActiveCfg = Debug|x86
		{56AF59B8-C650-4074-BF8F-042F83D22CA3}.Debug|x86.Build.0 = Debug|x86
		{56AF59B8-C650-4074-BF8F-042F83D22CA3}.Release|Mixed Platforms.ActiveCfg = Release|x86
		{56AF59B8-C650-4074-BF8F-042F83D22CA3}.Release|Mixed Platforms.Build.0 = Release|x86
		{56AF59B8-C650-4074-BF8F-042F83D22CA3}.Release|Win32.ActiveCfg = Release|x86
		{56AF59B8-C650-4074-BF8F-042F83D22CA3}.Release|x86.ActiveCfg = Release|x86
		{56AF59B8-C650-4074-BF8F-042F83D22CA3}.Release|x86.Build.0 = Release|x86
		{83A8F49A-237E-4BCC-8D48-705ED1660880}.Debug|Mixed Platforms.ActiveCfg = Debug|x86
		{83A8F49A-237E-4BCC-8D48-705ED1660880}.Debug|Mixed Platforms.Build.0 = Debug|x86
		{83A8F49A-237E-4BCC-8D48-705ED1660880}.Debug|Win32.ActiveCfg = Debug|x86
		{83A8F49A-237E-4BCC-8D48-705ED1660880}.Debug|x86.ActiveCfg = Debug|x86
		{83A8F49A-237E-4BCC-8D48-705ED1660880}.Debug|x86.Build.0 = Debug|x86
		{83A8F49A-237E-4BCC-8D48-705ED1660880}.Release|Mixed Platforms.ActiveCfg = Release|x86
		{83A8F49A-237E-4BCC-8D48-705ED1660880}.Release|Mixed Platforms.Build.0 = Release|x86
		{83A8F49A-237E-4BCC-8D48-705ED1660880}.Release|Win32.ActiveCfg = Release|x86
		{83A8F49A-237E-4BCC-8D48-705ED1660880}.Release|x86.ActiveCfg = Release|x86
		{83A8F49A-237E-4BCC-8D48-705ED1660880}.Release|x86.Build.0 = Release|x86
		{4624DE3A-BF37-40ED-854D-752271FF30D5}.Debug|Mixed Platforms.ActiveCfg = Debug|x86
		{4624DE3A-BF37-40ED-854D-752271FF30D5}.Debug|Mixed Platforms.Build.0 = Debug|x86
		{4624DE3A-BF37-40ED-854D-752271FF30D5}.Debug|Win32.ActiveCfg = Debug|x86
		{4624DE3A-BF37-40ED-854D-752271FF30D5}.Debug|x86.ActiveCfg = Debug|x86
		{4624DE3A-BF37-40ED-854D-752271FF30D5}.Debug|x86.Build.0 = Debug|x86
		{4624DE3A-BF37-40ED-854D-752271FF30D5}.Release|Mixed Platforms.ActiveCfg = Release|x86
		{4624DE3A-BF37-40ED-854D-752271FF30D5}.Release|Mixed Platforms.Build.0 = Release|x86
		{4624DE3A-BF37-40ED-854D-752271FF30D5}.Release|Win32.ActiveCfg = Release|x86
		{4624DE3A-BF37-40ED-854D-752271FF30D5}.Release|x86.ActiveCfg = Release|x86
		{4624DE3A-BF37-40ED-854D-752271FF30D5}.Release|x86.Build.0 = Release|x86
		{88EE40E5-19EF-4017-A015-FE353F3623A3}.Debug|Mixed Platforms.ActiveCfg = Debug|x86
		{88EE40E5-19EF-4017-A015-FE353F3623A3}.Debug|Mixed Platforms.Build.0 = Debug|x86
		{88EE40E5-19EF-4017-A015-FE353F3623A3}.Debug|Win32.ActiveCfg = Debug|x86
		{88EE40E5-19EF-4017-A015-FE353F3623A3}.Debug|x86.ActiveCfg = Debug|x86
		{88EE40E5-19EF-4017-A015-FE353F3623A3}.Debug|x86.Build.0 = Debug|x86
		{88EE40E5-19EF-4017-A015-FE353F3623A3}.Release|Mixed Platforms.ActiveCfg = Release|x86
		{88EE40E5-19EF-4017-A015-FE353F3623A3}.Release|Mixed Platforms.Build.0 = Release|x86
		{88EE40E5-19EF-4017-A015-FE353F3623A3}.Release|Win32.ActiveCfg = Release|x86
		{88EE40E5-19EF-4017-A015-FE353F3623A3}.Release|x86.ActiveCfg = Release|x86
		{88EE40E5-19EF-4017-A015-FE353F3623A3}.Release|x86.Build.0 = Release|x86
		{620F1BB3-F305-4445-8C68-2330C5D82288}.Debug|Mixed Platforms.ActiveCfg = Debug|x86
		{620F1BB3-F305-4445-8C68-2330C5D82288}.Debug|Mixed Platforms.Build.0 = Debug|x86
		{620F1BB3-F305-4445-8C68-2330C5D82288}.Debug|Win32.ActiveCfg = Debug|x86
		{620F1BB3-F305-4445-8C68-2330C5D82288}.Debug|x86.ActiveCfg = Debug|x86
		{620F1BB3-F305-4445-8C68-2330C5D82288}.Debug|x86.Build.0 = Debug|x86
		{620F1BB3-F305-4445-8C68-2330C5D82288}.Release|Mixed Platforms.ActiveCfg = Release|x86
		{620F1BB3-F305-4445-8C68-2330C5D82288}.Release|Mixed Platforms.Build.0 = Release|x86
		{620F1BB3-F305-4445-8C68-2330C5D82288}.Release|Win32.ActiveCfg = Release|x86
		{620F1BB3-F305-4445-8C68-2330C5D82288}.Release|x86.ActiveCfg = Release|x86
		{620F1BB3-F305-4445-8C68-2330C5D82288}.Release|x86.Build.0 = Release|x86
		{2D0B707E-2920-40AD-A14F-09712FCC51B5}.Debug|Mixed Platforms.ActiveCfg = Debug|x86
		{2D0B707E-2920-40AD-A14F-09712FCC51B5}.Debug|Mixed Platforms.Build.0 = Debug|x86
		{2D0B707E-2920-40AD-A14F-09712FCC51B5}.Debug|Win32.ActiveCfg = Debug|x86
		{2D0B707E-2920-40AD-A14F-09712FCC51B5}.Debug|x86.ActiveCfg = Debug|x86
		{2D0B707E-2920-40AD-A14F-09712FCC51B5}.Debug|x86.Build.0 = Debug|x86
		{2D0B707E-2920-40AD-A14F-09712FCC51B5}.Release|Mixed Platforms.ActiveCfg = Release|x86
		{2D0B707E-2920-40AD-A14F-09712FCC51B5}.Release|Mixed Platforms.Build.0 = Release|x86
		{2D0B707E-2920-40AD-A14F-09712FCC51B5}.Release|Win32.ActiveCfg = Release|x86
		{2D0B707E-2920-40AD-A14F-09712FCC51B5}.Release|x86.ActiveCfg = Release|x86
		{2D0B707E-2920-40AD-A14F-09712FCC51B5}.Release|x86.Build.0 = Release|x86
		{B1AB80C8-8735-41B5-A621-E5770726076F}.Debug|Mixed Platforms.ActiveCfg = Debug|x86
		{B1AB80C8-8735-41B5-A621-E5770726076F}.Debug|Mixed Platforms.Build.0 = Debug|x86
		{B1AB80C8-8735-41B5-A621-E5770726076F}.Debug|Win32.ActiveCfg = Debug|x86
		{B1AB80C8-8735-41B5-A621-E5770726076F}.Debug|x86.ActiveCfg = Debug|x86
		{B1AB80C8-8735-41B5-A621-E5770726076F}.Debug|x86.Build.0 = Debug|x86
		{B1AB80C8-8735-41B5-A621-E5770726076F}.Release|Mixed Platforms.ActiveCfg = Release|x86
		{B1AB80C8-8735-41B5-A621-E5770726076F}.Release|Mixed Platforms.Build.0 = Release|x86
		{B1AB80C8-8735-41B5-A621-E5770726076F}.Release|Win32.ActiveCfg = Release|x86
		{B1AB80C8-8735-41B5-A621-E5770726076F}.Release|x86.ActiveCfg = Release|x86
		{B1AB80C8-8735-41B5-A621-E5770726076F}.Release|x86.Build.0 = Release|x86
		{4081CCA1-6175-4115-B79F-60B0A0AB3AED}.Debug|Mixed Platforms.ActiveCfg = Debug|x86
		{4081CCA1-6175-4115-B79F-60B0A0AB3AED}.Debug|Mixed Platforms.Build.0 = Debug|x86
		{4081CCA1-6175-4115-B79F-60B0A0AB3AED}.Debug|Win32.ActiveCfg = Debug|x86
		{4081CCA1-6175-4115-B79F-60B0A0AB3AED}.Debug|x86.ActiveCfg = Debug|x86
		{4081CCA1-6175-4115-B79F-60B0A0AB3AED}.Debug|x86.Build.0 = Debug|x86
		{4081CCA1-6175-4115-B79F-60B0A0AB3AED}.Release|Mixed Platforms.ActiveCfg = Release|x86
		{4081CCA1-6175-4115-B79F-60B0A0AB3AED}.Release|Mixed Platforms.Build.0 = Release|x86
		{4081CCA1-6175-4115-B79F-60B0A0AB3AED}.Release|Win32.ActiveCfg = Release|x86
		{4081CCA1-6175-4115-B79F-60B0A0AB3AED}.Release|x86.ActiveCfg = Release|x86
		{4081CCA1-6175-4115-B79F-60B0A0AB3AED}.Release|x86.Build.0 = Release|x86
		{D04E0BAC-EB56-4BED-AB35-8CCD800E0571}.Debug|Mixed Platforms.ActiveCfg = Debug|x86
		{D04E0BAC-EB56-4BED-AB35-8CCD800E0571}.Debug|Mixed Platforms.Build.0 = Debug|x86
		{D04E0BAC-EB56-4BED-AB35-8CCD800E0571}.Debug|Win32.ActiveCfg = Debug|x86
		{D04E0BAC-EB56-4BED-AB35-8CCD800E0571}.Debug|x86.ActiveCfg = Debug|x86
		{D04E0BAC-EB56-4BED-AB35-8CCD800E0571}.Debug|x86.Build.0 = Debug|x86
		{D04E0BAC-EB56-4BED-AB35-8CCD800E0571}.Release|Mixed Platforms.ActiveCfg = Release|x86
		{D04E0BAC-EB56-4BED-AB35-8CCD800E0571}.Release|Mixed Platforms.Build.0 = Release|x86
		{D04E0BAC-EB56-4BED-AB35-8CCD800E0571}.Release|Win32.ActiveCfg = Release|x86
		{D04E0BAC-EB56-4BED-AB35-8CCD800E0571}.Release|x86.ActiveCfg = Release|x86
		{D04E0BAC-EB56-4BED-AB35-8CCD800E0571}.Release|x86.Build.0 = Release|x86
		{B6FA2A38-542B-49CD-B510-64F96FA75673}.Debug|Mixed Platforms.ActiveCfg = Debug|x86
		{B6FA2A38-542B-49CD-B510-64F96FA75673}.Debug|Mixed Platforms.Build.0 = Debug|x86
		{B6FA2A38-542B-49CD-B510-64F96FA75673}.Debug|Win32.ActiveCfg = Debug|x86
		{B6FA2A38-542B-49CD-B510-64F96FA75673}.Debug|x86.ActiveCfg = Debug|x86
		{B6FA2A38-542B-49CD-B510-64F96FA75673}.Debug|x86.Build.0 = Debug|x86
		{B6FA2A38-542B-49CD-B510-64F96FA75673}.Release|Mixed Platforms.ActiveCfg = Release|x86
		{B6FA2A38-542B-49CD-B510-64F96FA75673}.Release|Mixed Platforms.Build.0 = Release|x86
		{B6FA2A38-542B-49CD-B510-64F96FA75673}.Release|Win32.ActiveCfg = Release|x86
		{B6FA2A38-542B-49CD-B510-64F96FA75673}.Release|x86.ActiveCfg = Release|x86
		{B6FA2A38-542B-49CD-B510-64F96FA75673}.Release|x86.Build.0 = Release|x86
		{DCAD4057-8768-47DE-AC6B-CF5167D958B5}.Debug|Mixed Platforms.ActiveCfg = Debug|x86
		{DCAD4057-8768-47DE-AC6B-CF5167D958B5}.Debug|Mixed Platforms.Build.0 = Debug|x86
		{DCAD4057-8768-47DE-AC6B-CF5167D958B5}.Debug|Win32.ActiveCfg = Debug|x86
		{DCAD4057-8768-47DE-AC6B-CF5167D958B5}.Debug|x86.ActiveCfg = Debug|x86
		{DCAD4057-8768-47DE-AC6B-CF5167D958B5}.Debug|x86.Build.0 = Debug|x86
		{DCAD4057-8768-47DE-AC6B-CF5167D958B5}.Release|Mixed Platforms.ActiveCfg = Release|x86
		{DCAD4057-8768-47DE-AC6B-CF5167D958B5}.Release|Mixed Platforms.Build.0 = Release|x86
		{DCAD4057-8768-47DE-AC6B-CF5167D958B5}.Release|Win32.ActiveCfg = Release|x86
		{DCAD4057-8768-47DE-AC6B-CF5167D958B5}.Release|x86.ActiveCfg = Release|x86
		{DCAD4057-8768-47DE-AC6B-CF5167D958B5}.Release|x86.Build.0 = Release|x86
		{F8EB38A8-ED20-404A-8F64-07D22CA7FCA5}.Debug|Mixed Platforms.ActiveCfg = Debug|x86
		{F8EB38A8-ED20-404A-8F64-07D22CA7FCA5}.Debug|Mixed Platforms.Build.0 = Debug|x86
		{F8EB38A8-ED20-404A-8F64-07D22CA7FCA5}.Debug|Win32.ActiveCfg = Debug|x86
		{F8EB38A8-ED20-404A-8F64-07D22CA7FCA5}.Debug|x86.ActiveCfg = Debug|x86
		{F8EB38A8-ED20-404A-8F64-07D22CA7FCA5}.Debug|x86.Build.0 = Debug|x86
		{F8EB38A8-ED20-404A-8F64-07D22CA7FCA5}.Release|Mixed Platforms.ActiveCfg = Release|x86
		{F8EB38A8-ED20-404A-8F64-07D22CA7FCA5}.Release|Mixed Platforms.Build.0 = Release|x86
		{F8EB38A8-ED20-404A-8F64-07D22CA7FCA5}.Release|Win32.ActiveCfg = Release|x86
		{F8EB38A8-ED20-404A-8F64-07D22CA7FCA5}.Release|x86.ActiveCfg = Release|x86
		{F8EB38A8-ED20-404A-8F64-07D22CA7FCA5}.Release|x86.Build.0 = Release|x86
		{BF6EA4FF-7EE0-4A79-98C7-838FB4660DEE}.Debug|Mixed Platforms.ActiveCfg = Debug|x86
		{BF6EA4FF-7EE0-4A79-98C7-838FB4660DEE}.Debug|Mixed Platforms.Build.0 = Debug|x86
		{BF6EA4FF-7EE0-4A79-98C7-838FB4660DEE}.Debug|Win32.ActiveCfg = Debug|x86
		{BF6EA4FF-7EE0-4A79-98C7-838FB4660DEE}.Debug|x86.ActiveCfg = Debug|x86
		{BF6EA4FF-7EE0-4A79-98C7-838FB4660DEE}.Debug|x86.Build.0 = Debug|x86
		{BF6EA4FF-7EE0-4A79-98C7-838FB4660DEE}.Release|Mixed Platforms.ActiveCfg = Release|x86
		{BF6EA4FF-7EE0-4A79-98C7-838FB4660DEE}.Release|Mixed Platforms.Build.0 = Release|x86
		{BF6EA4FF-7EE0-4A79-98C7-838FB4660DEE}.Release|Win32.ActiveCfg = Release|x86
		{BF6EA4FF-7EE0-4A79-98C7-838FB4660DEE}.Release|x86.ActiveCfg = Release|x86
		{BF6EA4FF-7EE0-4A79-98C7-838FB4660DEE}.Release|x86.Build.0 = Release|x86
		{7F9C74A0-86ED-4D5A-8B5F-6AE34AAB0242}.Debug|Mixed Platforms.ActiveCfg = Debug|x86
		{7F9C74A0-86ED-4D5A-8B5F-6AE34AAB0242}.Debug|Mixed Platforms.Build.0 = Debug|x86
		{7F9C74A0-86ED-4D5A-8B5F-6AE34AAB0242}.Debug|Win32.ActiveCfg = Debug|x86
		{7F9C74A0-86ED-4D5A-8B5F-6AE34AAB0242}.Debug|x86.ActiveCfg = Debug|x86
		{7F9C74A0-86ED-4D5A-8B5F-6AE34AAB0242}.Debug|x86.Build.0 = Debug|x86
		{7F9C74A0-86ED-4D5A-8B5F-6AE34AAB0242}.Release|Mixed Platforms.ActiveCfg = Release|x86
		{7F9C74A0-86ED-4D5A-8B5F-6AE34AAB0242}.Release|Mixed Platforms.Build.0 = Release|x86
		{7F9C74A0-86ED-4D5A-8B5F-6AE34AAB0242}.Release|Win32.ActiveCfg = Release|x86
		{7F9C74A0-86ED-4D5A-8B5F-6AE34AAB0242}.Release|x86.ActiveCfg = Release|x86
		{7F9C74A0-86ED-4D5A-8B5F-6AE34AAB0242}.Release|x86.Build.0 = Release|x86
		{4D159CDF-F518-4CF6-8A43-2B3AD79D7347}.Debug|Mixed Platforms.ActiveCfg = Debug|x86
		{4D159CDF-F518-4CF6-8A43-2B3AD79D7347}.Debug|Mixed Platforms.Build.0 = Debug|x86
		{4D159CDF-F518-4CF6-8A43-2B3AD79D7347}.Debug|Win32.ActiveCfg = Debug|x86
		{4D159CDF-F518-4CF6-8A43-2B3AD79D7347}.Debug|x86.ActiveCfg = Debug|x86
		{4D159CDF-F518-4CF6-8A43-2B3AD79D7347}.Debug|x86.Build.0 = Debug|x86
		{4D159CDF-F518-4CF6-8A43-2B3AD79D7347}.Release|Mixed Platforms.ActiveCfg = Release|x86
		{4D159CDF-F518-4CF6-8A43-2B3AD79D7347}.Release|Mixed Platforms.Build.0 = Release|x86
		{4D159CDF-F518-4CF6-8A43-2B3AD79D7347}.Release|Win32.ActiveCfg = Release|x86
		{4D159CDF-F518-4CF6-8A43-2B3AD79D7347}.Release|x86.ActiveCfg = Release|x86
		{4D159CDF-F518-4CF6-8A43-2B3AD79D7347}.Release|x86.Build.0 = Release|x86
		{F135757C-53CB-4E9E-B16D-5442C43F4663}.Debug|Mixed Platforms.ActiveCfg = Debug|x86
		{F135757C-53CB-4E9E-B16D-5442C43F4663}.Debug|Mixed Platforms.Build.0 = Debug|x86
		{F135757C-53CB-4E9E-B16D-5442C43F4663}.Debug|Win32.ActiveCfg = Debug|x86
		{F135757C-53CB-4E9E-B16D-5442C43F4663}.Debug|x86.ActiveCfg = Debug|x86
		{F135757C-53CB-4E9E-B16D-5442C43F4663}.Debug|x86.Build.0 = Debug|x86
		{F135757C-53CB-4E9E-B16D-5442C43F4663}.Release|Mixed Platforms.ActiveCfg = Release|x86
		{F135757C-53CB-4E9E-B16D-5442C43F4663}.Release|Mixed Platforms.Build.0 = Release|x86
		{F135757C-53CB-4E9E-B16D-5442C43F4663}.Release|Win32.ActiveCfg = Release|x86
		{F135757C-53CB-4E9E-B16D-5442C43F4663}.Release|x86.ActiveCfg = Release|x86
		{F135757C-53CB-4E9E-B16D-5442C43F4663}.Release|x86.Build.0 = Release|x86
		{C7B33979-987E-4947-878D-4327E7B55BE6}.Debug|Mixed Platforms.ActiveCfg = Debug|x86
		{C7B33979-987E-4947-878D-4327E7B55BE6}.Debug|Mixed Platforms.Build.0 = Debug|x86
		{C7B33979-987E-4947-878D-4327E7B55BE6}.Debug|Win32.ActiveCfg = Debug|x86
		{C7B33979-987E-4947-878D-4327E7B55BE6}.Debug|x86.ActiveCfg = Debug|x86
		{C7B33979-987E-4947-878D-4327E7B55BE6}.Debug|x86.Build.0 = Debug|x86
		{C7B33979-987E-4947-878D-4327E7B55BE6}.Release|Mixed Platforms.ActiveCfg = Release|x86
		{C7B33979-987E-4947-878D-4327E7B55BE6}.Release|Mixed Platforms.Build.0 = Release|x86
		{C7B33979-987E-4947-878D-4327E7B55BE6}.Release|Win32.ActiveCfg = Release|x86
		{C7B33979-987E-4947-878D-4327E7B55BE6}.Release|x86.ActiveCfg = Release|x86
		{C7B33979-987E-4947-878D-4327E7B55BE6}.Release|x86.Build.0 = Release|x86
		{DE587EA3-A0FF-4C8A-BF81-081554ED753C}.Debug|Mixed Platforms.ActiveCfg = Debug|x86
		{DE587EA3-A0FF-4C8A-BF81-081554ED753C}.Debug|Mixed Platforms.Build.0 = Debug|x86
		{DE587EA3-A0FF-4C8A-BF81-081554ED753C}.Debug|Win32.ActiveCfg = Debug|x86
		{DE587EA3-A0FF-4C8A-BF81-081554ED753C}.Debug|x86.ActiveCfg = Debug|x86
		{DE587EA3-A0FF-4C8A-BF81-081554ED753C}.Debug|x86.Build.0 = Debug|x86
		{DE587EA3-A0FF-4C8A-BF81-081554ED753C}.Release|Mixed Platforms.ActiveCfg = Release|x86
		{DE587EA3-A0FF-4C8A-BF81-081554ED753C}.Release|Mixed Platforms.Build.0 = Release|x86
		{DE587EA3-A0FF-4C8A-BF81-081554ED753C}.Release|Win32.ActiveCfg = Release|x86
		{DE587EA3-A0FF-4C8A-BF81-081554ED753C}.Release|x86.ActiveCfg = Release|x86
		{DE587EA3-A0FF-4C8A-BF81-081554ED753C}.Release|x86.Build.0 = Release|x86
		{DDA4FF1D-3D4A-4360-8976-D2AC8E5DC3BA}.Debug|Mixed Platforms.ActiveCfg = Debug|Win32
		{DDA4FF1D-3D4A-4360-8976-D2AC8E5DC3BA}.Debug|Mixed Platforms.Build.0 = Debug|Win32
		{DDA4FF1D-3D4A-4360-8976-D2AC8E5DC3BA}.Debug|Win32.ActiveCfg = Debug|Win32
		{DDA4FF1D-3D4A-4360-8976-D2AC8E5DC3BA}.Debug|Win32.Build.0 = Debug|Win32
		{DDA4FF1D-3D4A-4360-8976-D2AC8E5DC3BA}.Debug|x86.ActiveCfg = Debug|Win32
		{DDA4FF1D-3D4A-4360-8976-D2AC8E5DC3BA}.Release|Mixed Platforms.ActiveCfg = Release|Win32
		{DDA4FF1D-3D4A-4360-8976-D2AC8E5DC3BA}.Release|Mixed Platforms.Build.0 = Release|Win32
		{DDA4FF1D-3D4A-4360-8976-D2AC8E5DC3BA}.Release|Win32.ActiveCfg = Release|Win32
		{DDA4FF1D-3D4A-4360-8976-D2AC8E5DC3BA}.Release|Win32.Build.0 = Release|Win32
		{DDA4FF1D-3D4A-4360-8976-D2AC8E5DC3BA}.Release|x86.ActiveCfg = Release|Win32
		{F51FB7A4-95E9-4DB0-B389-4D3AF9B74ABA}.Debug|Mixed Platforms.ActiveCfg = Debug|x86
		{F51FB7A4-95E9-4DB0-B389-4D3AF9B74ABA}.Debug|Mixed Platforms.Build.0 = Debug|x86
		{F51FB7A4-95E9-4DB0-B389-4D3AF9B74ABA}.Debug|Win32.ActiveCfg = Debug|x86
		{F51FB7A4-95E9-4DB0-B389-4D3AF9B74ABA}.Debug|x86.ActiveCfg = Debug|x86
		{F51FB7A4-95E9-4DB0-B389-4D3AF9B74ABA}.Debug|x86.Build.0 = Debug|x86
		{F51FB7A4-95E9-4DB0-B389-4D3AF9B74ABA}.Release|Mixed Platforms.ActiveCfg = Release|x86
		{F51FB7A4-95E9-4DB0-B389-4D3AF9B74ABA}.Release|Mixed Platforms.Build.0 = Release|x86
		{F51FB7A4-95E9-4DB0-B389-4D3AF9B74ABA}.Release|Win32.ActiveCfg = Release|x86
		{F51FB7A4-95E9-4DB0-B389-4D3AF9B74ABA}.Release|x86.ActiveCfg = Release|x86
		{F51FB7A4-95E9-4DB0-B389-4D3AF9B74ABA}.Release|x86.Build.0 = Release|x86
		{C11C09D6-27EC-40F6-BE84-FC3064161DCC}.Debug|Mixed Platforms.ActiveCfg = Debug|x86
		{C11C09D6-27EC-40F6-BE84-FC3064161DCC}.Debug|Mixed Platforms.Build.0 = Debug|x86
		{C11C09D6-27EC-40F6-BE84-FC3064161DCC}.Debug|Win32.ActiveCfg = Debug|x86
		{C11C09D6-27EC-40F6-BE84-FC3064161DCC}.Debug|x86.ActiveCfg = Debug|x86
		{C11C09D6-27EC-40F6-BE84-FC3064161DCC}.Debug|x86.Build.0 = Debug|x86
		{C11C09D6-27EC-40F6-BE84-FC3064161DCC}.Release|Mixed Platforms.ActiveCfg = Release|x86
		{C11C09D6-27EC-40F6-BE84-FC3064161DCC}.Release|Mixed Platforms.Build.0 = Release|x86
		{C11C09D6-27EC-40F6-BE84-FC3064161DCC}.Release|Win32.ActiveCfg = Release|x86
		{C11C09D6-27EC-40F6-BE84-FC3064161DCC}.Release|x86.ActiveCfg = Release|x86
		{C11C09D6-27EC-40F6-BE84-FC3064161DCC}.Release|x86.Build.0 = Release|x86
		{79A7A8C6-F3E3-46D9-A6B7-F4A55390880C}.Debug|Mixed Platforms.ActiveCfg = Debug|x86
		{79A7A8C6-F3E3-46D9-A6B7-F4A55390880C}.Debug|Mixed Platforms.Build.0 = Debug|x86
		{79A7A8C6-F3E3-46D9-A6B7-F4A55390880C}.Debug|Win32.ActiveCfg = Debug|x86
		{79A7A8C6-F3E3-46D9-A6B7-F4A55390880C}.Debug|x86.ActiveCfg = Debug|x86
		{79A7A8C6-F3E3-46D9-A6B7-F4A55390880C}.Debug|x86.Build.0 = Debug|x86
		{79A7A8C6-F3E3-46D9-A6B7-F4A55390880C}.Release|Mixed Platforms.ActiveCfg = Release|x86
		{79A7A8C6-F3E3-46D9-A6B7-F4A55390880C}.Release|Mixed Platforms.Build.0 = Release|x86
		{79A7A8C6-F3E3-46D9-A6B7-F4A55390880C}.Release|Win32.ActiveCfg = Release|x86
		{79A7A8C6-F3E3-46D9-A6B7-F4A55390880C}.Release|x86.ActiveCfg = Release|x86
		{79A7A8C6-F3E3-46D9-A6B7-F4A55390880C}.Release|x86.Build.0 = Release|x86
		{DB687FA6-9D3C-4CD9-BBA1-23CB08765CF4}.Debug|Mixed Platforms.ActiveCfg = Debug|x86
		{DB687FA6-9D3C-4CD9-BBA1-23CB08765CF4}.Debug|Mixed Platforms.Build.0 = Debug|x86
		{DB687FA6-9D3C-4CD9-BBA1-23CB08765CF4}.Debug|Win32.ActiveCfg = Debug|x86
		{DB687FA6-9D3C-4CD9-BBA1-23CB08765CF4}.Debug|x86.ActiveCfg = Debug|x86
		{DB687FA6-9D3C-4CD9-BBA1-23CB08765CF4}.Debug|x86.Build.0 = Debug|x86
		{DB687FA6-9D3C-4CD9-BBA1-23CB08765CF4}.Release|Mixed Platforms.ActiveCfg = Release|x86
		{DB687FA6-9D3C-4CD9-BBA1-23CB08765CF4}.Release|Mixed Platforms.Build.0 = Release|x86
		{DB687FA6-9D3C-4CD9-BBA1-23CB08765CF4}.Release|Win32.ActiveCfg = Release|x86
		{DB687FA6-9D3C-4CD9-BBA1-23CB08765CF4}.Release|x86.ActiveCfg = Release|x86
		{DB687FA6-9D3C-4CD9-BBA1-23CB08765CF4}.Release|x86.Build.0 = Release|x86
		{FE7EC718-3419-4420-B711-1C71F5DFD53D}.Debug|Mixed Platforms.ActiveCfg = Debug|x86
		{FE7EC718-3419-4420-B711-1C71F5DFD53D}.Debug|Mixed Platforms.Build.0 = Debug|x86
		{FE7EC718-3419-4420-B711-1C71F5DFD53D}.Debug|Win32.ActiveCfg = Debug|x86
		{FE7EC718-3419-4420-B711-1C71F5DFD53D}.Debug|x86.ActiveCfg = Debug|x86
		{FE7EC718-3419-4420-B711-1C71F5DFD53D}.Debug|x86.Build.0 = Debug|x86
		{FE7EC718-3419-4420-B711-1C71F5DFD53D}.Release|Mixed Platforms.ActiveCfg = Release|x86
		{FE7EC718-3419-4420-B711-1C71F5DFD53D}.Release|Mixed Platforms.Build.0 = Release|x86
		{FE7EC718-3419-4420-B711-1C71F5DFD53D}.Release|Win32.ActiveCfg = Release|x86
		{FE7EC718-3419-4420-B711-1C71F5DFD53D}.Release|x86.ActiveCfg = Release|x86
		{FE7EC718-3419-4420-B711-1C71F5DFD53D}.Release|x86.Build.0 = Release|x86
		{B7E4A013-E3E9-4E02-8101-41898636180B}.Debug|Mixed Platforms.ActiveCfg = Debug|x86
		{B7E4A013-E3E9-4E02-8101-41898636180B}.Debug|Mixed Platforms.Build.0 = Debug|x86
		{B7E4A013-E3E9-4E02-8101-41898636180B}.Debug|Win32.ActiveCfg = Debug|x86
		{B7E4A013-E3E9-4E02-8101-41898636180B}.Debug|x86.ActiveCfg = Debug|x86
		{B7E4A013-E3E9-4E02-8101-41898636180B}.Debug|x86.Build.0 = Debug|x86
		{B7E4A013-E3E9-4E02-8101-41898636180B}.Release|Mixed Platforms.ActiveCfg = Release|x86
		{B7E4A013-E3E9-4E02-8101-41898636180B}.Release|Mixed Platforms.Build.0 = Release|x86
		{B7E4A013-E3E9-4E02-8101-41898636180B}.Release|Win32.ActiveCfg = Release|x86
		{B7E4A013-E3E9-4E02-8101-41898636180B}.Release|x86.ActiveCfg = Release|x86
		{B7E4A013-E3E9-4E02-8101-41898636180B}.Release|x86.Build.0 = Release|x86
		{A34CE383-D8A9-40E5-A60B-6ED8CCC38BFC}.Debug|Mixed Platforms.ActiveCfg = Debug|x86
		{A34CE383-D8A9-40E5-A60B-6ED8CCC38BFC}.Debug|Mixed Platforms.Build.0 = Debug|x86
		{A34CE383-D8A9-40E5-A60B-6ED8CCC38BFC}.Debug|Win32.ActiveCfg = Debug|x86
		{A34CE383-D8A9-40E5-A60B-6ED8CCC38BFC}.Debug|x86.ActiveCfg = Debug|x86
		{A34CE383-D8A9-40E5-A60B-6ED8CCC38BFC}.Debug|x86.Build.0 = Debug|x86
		{A34CE383-D8A9-40E5-A60B-6ED8CCC38BFC}.Release|Mixed Platforms.ActiveCfg = Release|x86
		{A34CE383-D8A9-40E5-A60B-6ED8CCC38BFC}.Release|Mixed Platforms.Build.0 = Release|x86
		{A34CE383-D8A9-40E5-A60B-6ED8CCC38BFC}.Release|Win32.ActiveCfg = Release|x86
		{A34CE383-D8A9-40E5-A60B-6ED8CCC38BFC}.Release|x86.ActiveCfg = Release|x86
		{A34CE383-D8A9-40E5-A60B-6ED8CCC38BFC}.Release|x86.Build.0 = Release|x86
		{FC4B9E33-B3B2-4608-B9DC-D9DC88D91B89}.Debug|Mixed Platforms.ActiveCfg = Debug|x86
		{FC4B9E33-B3B2-4608-B9DC-D9DC88D91B89}.Debug|Mixed Platforms.Build.0 = Debug|x86
		{FC4B9E33-B3B2-4608-B9DC-D9DC88D91B89}.Debug|Win32.ActiveCfg = Debug|x86
		{FC4B9E33-B3B2-4608-B9DC-D9DC88D91B89}.Debug|x86.ActiveCfg = Debug|x86
		{FC4B9E33-B3B2-4608-B9DC-D9DC88D91B89}.Debug|x86.Build.0 = Debug|x86
		{FC4B9E33-B3B2-4608-B9DC-D9DC88D91B89}.Release|Mixed Platforms.ActiveCfg = Release|x86
		{FC4B9E33-B3B2-4608-B9DC-D9DC88D91B89}.Release|Mixed Platforms.Build.0 = Release|x86
		{FC4B9E33-B3B2-4608-B9DC-D9DC88D91B89}.Release|Win32.ActiveCfg = Release|x86
		{FC4B9E33-B3B2-4608-B9DC-D9DC88D91B89}.Release|x86.ActiveCfg = Release|x86
		{FC4B9E33-B3B2-4608-B9DC-D9DC88D91B89}.Release|x86.Build.0 = Release|x86
	EndGlobalSection
	GlobalSection(SolutionProperties) = preSolution
		HideSolutionNode = FALSE
	EndGlobalSection
EndGlobal
