
Microsoft Visual Studio Solution File, Format Version 12.00
# Visual Studio 2013
VisualStudioVersion = 12.0.21005.1
MinimumVisualStudioVersion = 10.0.40219.1
Project("{FAE04EC0-301F-11D3-BF4B-00C04F79EFBC}") = "calculator interface", "calculator interface\calculator interface.csproj", "{BBFB2055-471B-4E02-A6A4-DF77F82BBDE6}"
EndProject
Project("{FAE04EC0-301F-11D3-BF4B-00C04F79EFBC}") = "Multi Convreter", "Addition Form\Multi Convreter.csproj", "{D10A7758-1816-49CD-8D18-92E0EFA96BDB}"
EndProject
Project("{FAE04EC0-301F-11D3-BF4B-00C04F79EFBC}") = "Multi Converter 1", "Multi Converter 1\Multi Converter 1.csproj", "{88C47FA0-0727-4E64-BEF0-AA51E05C5782}"
EndProject
Project("{FAE04EC0-301F-11D3-BF4B-00C04F79EFBC}") = "NTS test form", "NTS test form\NTS test form.csproj", "{1969B007-2B81-4BB0-95B5-D39E426D1E34}"
EndProject
Project("{FAE04EC0-301F-11D3-BF4B-00C04F79EFBC}") = "Messege box", "Messege box\Messege box.csproj", "{778F59F7-6662-4CE3-9100-D6D79677B544}"
EndProject
Project("{FAE04EC0-301F-11D3-BF4B-00C04F79EFBC}") = "User methos", "User methos\User methos.csproj", "{BF4AE6C8-3D8F-4346-B0AA-4593CF083E10}"
EndProject
Project("{FAE04EC0-301F-11D3-BF4B-00C04F79EFBC}") = "addition by messege bax", "addition by messege bax\addition by messege bax.csproj", "{CEA337B1-DECC-485D-97D1-57375241B01A}"
EndProject
Project("{FAE04EC0-301F-11D3-BF4B-00C04F79EFBC}") = "show messege", "show messege\show messege.csproj", "{55AB008C-EB9E-4C0D-8B92-B9527C131D9A}"
EndProject
Project("{FAE04EC0-301F-11D3-BF4B-00C04F79EFBC}") = "addition form1", "addition form1\addition form1.csproj", "{5D1FBD6E-ED6B-444C-A34E-7B6D68A8C5B9}"
EndProject
Project("{FAE04EC0-301F-11D3-BF4B-00C04F79EFBC}") = "Travel Instruction calculator", "Travel Instruction calculator\Travel Instruction calculator.csproj", "{C329AD72-BD1E-427C-AAEC-1BF486762F02}"
EndProject
Project("{FAE04EC0-301F-11D3-BF4B-00C04F79EFBC}") = "Test_form_using_combo_box", "Test_form_using_combo_box\Test_form_using_combo_box.csproj", "{9B9970D0-57E4-4D48-A86C-B5ABC57F74EE}"
EndProject
Project("{FAE04EC0-301F-11D3-BF4B-00C04F79EFBC}") = "Anchor", "Anchor\Anchor.csproj", "{5BAF2B3C-F8A8-46A5-9BCD-37F35D18922B}"
EndProject
Project("{FAE04EC0-301F-11D3-BF4B-00C04F79EFBC}") = "enum_use_on_quiz2", "enum_use_on_quiz2\enum_use_on_quiz2.csproj", "{8B7CE11E-D389-4A32-9479-F681A2A9543D}"
EndProject
Project("{FAE04EC0-301F-11D3-BF4B-00C04F79EFBC}") = "Combo_box", "Combo_box\Combo_box.csproj", "{7F9EB3C4-6285-4CA9-A3D9-D541854B4C57}"
EndProject
Project("{FAE04EC0-301F-11D3-BF4B-00C04F79EFBC}") = "Combo_box1", "Combo_box1\Combo_box1.csproj", "{505DD0FD-5D73-43F8-A544-D005F5B8E237}"
EndProject
Project("{FAE04EC0-301F-11D3-BF4B-00C04F79EFBC}") = "combo_box3", "combo_box3\combo_box3.csproj", "{E492047B-447A-46AA-84FB-D975DD317F26}"
EndProject
Project("{FAE04EC0-301F-11D3-BF4B-00C04F79EFBC}") = "Quiz_with progress bar", "Quiz_with progress bar\Quiz_with progress bar.csproj", "{6627A84B-29B5-4366-819B-1E616D10A498}"
EndProject
Project("{FAE04EC0-301F-11D3-BF4B-00C04F79EFBC}") = "notepad", "notepad\notepad.csproj", "{193B4C7C-8EA7-42CF-B873-405B4C20BA3D}"
EndProject
Project("{FAE04EC0-301F-11D3-BF4B-00C04F79EFBC}") = "notepad top options", "notepad top options\notepad top options.csproj", "{8AD74F0A-F1E4-4170-AF0F-C0A785BE763E}"
EndProject
Project("{FAE04EC0-301F-11D3-BF4B-00C04F79EFBC}") = "Web_browser", "Web_browser\Web_browser.csproj", "{9CD22353-4922-4B5E-AE7F-F55C06881515}"
EndProject
Project("{FAE04EC0-301F-11D3-BF4B-00C04F79EFBC}") = "M1 tick tock", "..\practise\tick tock\M1 tick tock.csproj", "{204A088F-49DA-422F-8093-8CD03AB564E0}"
EndProject
Project("{FAE04EC0-301F-11D3-BF4B-00C04F79EFBC}") = "M WebBrowser", "..\practise\WebBrowser\M WebBrowser.csproj", "{A68984AB-A46D-4958-A06A-C84579161BEE}"
EndProject
Project("{FAE04EC0-301F-11D3-BF4B-00C04F79EFBC}") = "M1 web browser", "M1 web browser\M1 web browser.csproj", "{E7D636D9-E2E9-4806-AD96-A273A3403109}"
EndProject
Project("{FAE04EC0-301F-11D3-BF4B-00C04F79EFBC}") = "M calculator", "..\practise\WindowsCalc\M calculator.csproj", "{35410E44-2AFE-4D91-856C-8E7D2F60A36D}"
EndProject
Project("{FAE04EC0-301F-11D3-BF4B-00C04F79EFBC}") = "M1 calculator", "M1 calculator\M1 calculator.csproj", "{AE3043D7-70DF-4321-A1C8-6132316A84B4}"
EndProject
Project("{FAE04EC0-301F-11D3-BF4B-00C04F79EFBC}") = "rich textbox", "rich textbox\rich textbox.csproj", "{C570C40F-8457-42D6-BA06-5921776AA855}"
EndProject
Project("{FAE04EC0-301F-11D3-BF4B-00C04F79EFBC}") = "Sessional2Q1", "Sessional2Q1\Sessional2Q1.csproj", "{73600363-23E6-4FC1-8E40-8EE111A8E677}"
EndProject
Project("{FAE04EC0-301F-11D3-BF4B-00C04F79EFBC}") = "Sessional2Q2", "Sessional2Q2\Sessional2Q2.csproj", "{B977034F-19AA-4B09-B64D-EE75C30BC6B5}"
EndProject
Project("{FAE04EC0-301F-11D3-BF4B-00C04F79EFBC}") = "Sessional1Q3", "Sessional1Q3\Sessional1Q3.csproj", "{D5BCE846-45C7-4233-AF31-4B60A6266866}"
EndProject
Project("{FAE04EC0-301F-11D3-BF4B-00C04F79EFBC}") = "progress bar", "progress bar\progress bar.csproj", "{AC435A5F-B1B5-4963-B29B-D8B04498D4C3}"
EndProject
Project("{FAE04EC0-301F-11D3-BF4B-00C04F79EFBC}") = "WindowsFormsApplication2", "WindowsFormsApplication2\WindowsFormsApplication2.csproj", "{40F35F7D-623B-41F4-B031-50E50D9F9BCC}"
EndProject
Project("{FAE04EC0-301F-11D3-BF4B-00C04F79EFBC}") = "University_database", "University_database\University_database.csproj", "{DC641BD1-80D9-4E6B-A5A8-A5A3A051714D}"
EndProject
Project("{FAE04EC0-301F-11D3-BF4B-00C04F79EFBC}") = "Shop1_database_interface", "Shop1_database_interface\Shop1_database_interface.csproj", "{F8042A21-B1D0-4A14-A506-6E14AA228E03}"
EndProject
Project("{FAE04EC0-301F-11D3-BF4B-00C04F79EFBC}") = "Shop1_database_interface2", "Shop1_database_interface2\Shop1_database_interface2.csproj", "{AF80C918-8190-416C-88F4-0FC87B7598AC}"
EndProject
Project("{FAE04EC0-301F-11D3-BF4B-00C04F79EFBC}") = "Shop1_database_interface3", "Shop1_database_interface3\Shop1_database_interface3.csproj", "{3369919E-20E3-41A0-B4F0-C8691620721C}"
EndProject
Project("{FAE04EC0-301F-11D3-BF4B-00C04F79EFBC}") = "student_db_interface", "student_db_interface\student_db_interface.csproj", "{ADBDE3E0-73A4-4265-82B9-DB53BA382BED}"
EndProject
Project("{FAE04EC0-301F-11D3-BF4B-00C04F79EFBC}") = "DB", "DB\DB.csproj", "{D65F1B35-72E1-4E41-A207-836FA1D8C676}"
EndProject
Project("{FAE04EC0-301F-11D3-BF4B-00C04F79EFBC}") = "inserting_data", "inserting_data\inserting_data.csproj", "{C8607612-2A21-4511-8B95-FDAE2EB8AB7C}"
EndProject
Project("{FAE04EC0-301F-11D3-BF4B-00C04F79EFBC}") = "Hospital_patient_interface", "Hospital_patient_interface\Hospital_patient_interface.csproj", "{86DCC778-E46C-4DA2-9328-5AF09D261380}"
EndProject
Global
	GlobalSection(SolutionConfigurationPlatforms) = preSolution
		Debug|Any CPU = Debug|Any CPU
		Debug|Mixed Platforms = Debug|Mixed Platforms
		Debug|x86 = Debug|x86
		Release|Any CPU = Release|Any CPU
		Release|Mixed Platforms = Release|Mixed Platforms
		Release|x86 = Release|x86
	EndGlobalSection
	GlobalSection(ProjectConfigurationPlatforms) = postSolution
		{BBFB2055-471B-4E02-A6A4-DF77F82BBDE6}.Debug|Any CPU.ActiveCfg = Debug|x86
		{BBFB2055-471B-4E02-A6A4-DF77F82BBDE6}.Debug|Mixed Platforms.ActiveCfg = Debug|x86
		{BBFB2055-471B-4E02-A6A4-DF77F82BBDE6}.Debug|Mixed Platforms.Build.0 = Debug|x86
		{BBFB2055-471B-4E02-A6A4-DF77F82BBDE6}.Debug|x86.ActiveCfg = Debug|x86
		{BBFB2055-471B-4E02-A6A4-DF77F82BBDE6}.Debug|x86.Build.0 = Debug|x86
		{BBFB2055-471B-4E02-A6A4-DF77F82BBDE6}.Release|Any CPU.ActiveCfg = Release|x86
		{BBFB2055-471B-4E02-A6A4-DF77F82BBDE6}.Release|Mixed Platforms.ActiveCfg = Release|x86
		{BBFB2055-471B-4E02-A6A4-DF77F82BBDE6}.Release|Mixed Platforms.Build.0 = Release|x86
		{BBFB2055-471B-4E02-A6A4-DF77F82BBDE6}.Release|x86.ActiveCfg = Release|x86
		{BBFB2055-471B-4E02-A6A4-DF77F82BBDE6}.Release|x86.Build.0 = Release|x86
		{D10A7758-1816-49CD-8D18-92E0EFA96BDB}.Debug|Any CPU.ActiveCfg = Debug|x86
		{D10A7758-1816-49CD-8D18-92E0EFA96BDB}.Debug|Mixed Platforms.ActiveCfg = Debug|x86
		{D10A7758-1816-49CD-8D18-92E0EFA96BDB}.Debug|Mixed Platforms.Build.0 = Debug|x86
		{D10A7758-1816-49CD-8D18-92E0EFA96BDB}.Debug|x86.ActiveCfg = Debug|x86
		{D10A7758-1816-49CD-8D18-92E0EFA96BDB}.Debug|x86.Build.0 = Debug|x86
		{D10A7758-1816-49CD-8D18-92E0EFA96BDB}.Release|Any CPU.ActiveCfg = Release|x86
		{D10A7758-1816-49CD-8D18-92E0EFA96BDB}.Release|Mixed Platforms.ActiveCfg = Release|x86
		{D10A7758-1816-49CD-8D18-92E0EFA96BDB}.Release|Mixed Platforms.Build.0 = Release|x86
		{D10A7758-1816-49CD-8D18-92E0EFA96BDB}.Release|x86.ActiveCfg = Release|x86
		{D10A7758-1816-49CD-8D18-92E0EFA96BDB}.Release|x86.Build.0 = Release|x86
		{88C47FA0-0727-4E64-BEF0-AA51E05C5782}.Debug|Any CPU.ActiveCfg = Debug|x86
		{88C47FA0-0727-4E64-BEF0-AA51E05C5782}.Debug|Mixed Platforms.ActiveCfg = Debug|x86
		{88C47FA0-0727-4E64-BEF0-AA51E05C5782}.Debug|Mixed Platforms.Build.0 = Debug|x86
		{88C47FA0-0727-4E64-BEF0-AA51E05C5782}.Debug|x86.ActiveCfg = Debug|x86
		{88C47FA0-0727-4E64-BEF0-AA51E05C5782}.Debug|x86.Build.0 = Debug|x86
		{88C47FA0-0727-4E64-BEF0-AA51E05C5782}.Release|Any CPU.ActiveCfg = Release|x86
		{88C47FA0-0727-4E64-BEF0-AA51E05C5782}.Release|Mixed Platforms.ActiveCfg = Release|x86
		{88C47FA0-0727-4E64-BEF0-AA51E05C5782}.Release|Mixed Platforms.Build.0 = Release|x86
		{88C47FA0-0727-4E64-BEF0-AA51E05C5782}.Release|x86.ActiveCfg = Release|x86
		{88C47FA0-0727-4E64-BEF0-AA51E05C5782}.Release|x86.Build.0 = Release|x86
		{1969B007-2B81-4BB0-95B5-D39E426D1E34}.Debug|Any CPU.ActiveCfg = Debug|x86
		{1969B007-2B81-4BB0-95B5-D39E426D1E34}.Debug|Mixed Platforms.ActiveCfg = Debug|x86
		{1969B007-2B81-4BB0-95B5-D39E426D1E34}.Debug|Mixed Platforms.Build.0 = Debug|x86
		{1969B007-2B81-4BB0-95B5-D39E426D1E34}.Debug|x86.ActiveCfg = Debug|x86
		{1969B007-2B81-4BB0-95B5-D39E426D1E34}.Debug|x86.Build.0 = Debug|x86
		{1969B007-2B81-4BB0-95B5-D39E426D1E34}.Release|Any CPU.ActiveCfg = Release|x86
		{1969B007-2B81-4BB0-95B5-D39E426D1E34}.Release|Mixed Platforms.ActiveCfg = Release|x86
		{1969B007-2B81-4BB0-95B5-D39E426D1E34}.Release|Mixed Platforms.Build.0 = Release|x86
		{1969B007-2B81-4BB0-95B5-D39E426D1E34}.Release|x86.ActiveCfg = Release|x86
		{1969B007-2B81-4BB0-95B5-D39E426D1E34}.Release|x86.Build.0 = Release|x86
		{778F59F7-6662-4CE3-9100-D6D79677B544}.Debug|Any CPU.ActiveCfg = Debug|x86
		{778F59F7-6662-4CE3-9100-D6D79677B544}.Debug|Mixed Platforms.ActiveCfg = Debug|x86
		{778F59F7-6662-4CE3-9100-D6D79677B544}.Debug|Mixed Platforms.Build.0 = Debug|x86
		{778F59F7-6662-4CE3-9100-D6D79677B544}.Debug|x86.ActiveCfg = Debug|x86
		{778F59F7-6662-4CE3-9100-D6D79677B544}.Debug|x86.Build.0 = Debug|x86
		{778F59F7-6662-4CE3-9100-D6D79677B544}.Release|Any CPU.ActiveCfg = Release|x86
		{778F59F7-6662-4CE3-9100-D6D79677B544}.Release|Mixed Platforms.ActiveCfg = Release|x86
		{778F59F7-6662-4CE3-9100-D6D79677B544}.Release|Mixed Platforms.Build.0 = Release|x86
		{778F59F7-6662-4CE3-9100-D6D79677B544}.Release|x86.ActiveCfg = Release|x86
		{778F59F7-6662-4CE3-9100-D6D79677B544}.Release|x86.Build.0 = Release|x86
		{BF4AE6C8-3D8F-4346-B0AA-4593CF083E10}.Debug|Any CPU.ActiveCfg = Debug|x86
		{BF4AE6C8-3D8F-4346-B0AA-4593CF083E10}.Debug|Mixed Platforms.ActiveCfg = Debug|x86
		{BF4AE6C8-3D8F-4346-B0AA-4593CF083E10}.Debug|Mixed Platforms.Build.0 = Debug|x86
		{BF4AE6C8-3D8F-4346-B0AA-4593CF083E10}.Debug|x86.ActiveCfg = Debug|x86
		{BF4AE6C8-3D8F-4346-B0AA-4593CF083E10}.Debug|x86.Build.0 = Debug|x86
		{BF4AE6C8-3D8F-4346-B0AA-4593CF083E10}.Release|Any CPU.ActiveCfg = Release|x86
		{BF4AE6C8-3D8F-4346-B0AA-4593CF083E10}.Release|Mixed Platforms.ActiveCfg = Release|x86
		{BF4AE6C8-3D8F-4346-B0AA-4593CF083E10}.Release|Mixed Platforms.Build.0 = Release|x86
		{BF4AE6C8-3D8F-4346-B0AA-4593CF083E10}.Release|x86.ActiveCfg = Release|x86
		{BF4AE6C8-3D8F-4346-B0AA-4593CF083E10}.Release|x86.Build.0 = Release|x86
		{CEA337B1-DECC-485D-97D1-57375241B01A}.Debug|Any CPU.ActiveCfg = Debug|x86
		{CEA337B1-DECC-485D-97D1-57375241B01A}.Debug|Mixed Platforms.ActiveCfg = Debug|x86
		{CEA337B1-DECC-485D-97D1-57375241B01A}.Debug|Mixed Platforms.Build.0 = Debug|x86
		{CEA337B1-DECC-485D-97D1-57375241B01A}.Debug|x86.ActiveCfg = Debug|x86
		{CEA337B1-DECC-485D-97D1-57375241B01A}.Debug|x86.Build.0 = Debug|x86
		{CEA337B1-DECC-485D-97D1-57375241B01A}.Release|Any CPU.ActiveCfg = Release|x86
		{CEA337B1-DECC-485D-97D1-57375241B01A}.Release|Mixed Platforms.ActiveCfg = Release|x86
		{CEA337B1-DECC-485D-97D1-57375241B01A}.Release|Mixed Platforms.Build.0 = Release|x86
		{CEA337B1-DECC-485D-97D1-57375241B01A}.Release|x86.ActiveCfg = Release|x86
		{CEA337B1-DECC-485D-97D1-57375241B01A}.Release|x86.Build.0 = Release|x86
		{55AB008C-EB9E-4C0D-8B92-B9527C131D9A}.Debug|Any CPU.ActiveCfg = Debug|x86
		{55AB008C-EB9E-4C0D-8B92-B9527C131D9A}.Debug|Mixed Platforms.ActiveCfg = Debug|x86
		{55AB008C-EB9E-4C0D-8B92-B9527C131D9A}.Debug|Mixed Platforms.Build.0 = Debug|x86
		{55AB008C-EB9E-4C0D-8B92-B9527C131D9A}.Debug|x86.ActiveCfg = Debug|x86
		{55AB008C-EB9E-4C0D-8B92-B9527C131D9A}.Debug|x86.Build.0 = Debug|x86
		{55AB008C-EB9E-4C0D-8B92-B9527C131D9A}.Release|Any CPU.ActiveCfg = Release|x86
		{55AB008C-EB9E-4C0D-8B92-B9527C131D9A}.Release|Mixed Platforms.ActiveCfg = Release|x86
		{55AB008C-EB9E-4C0D-8B92-B9527C131D9A}.Release|Mixed Platforms.Build.0 = Release|x86
		{55AB008C-EB9E-4C0D-8B92-B9527C131D9A}.Release|x86.ActiveCfg = Release|x86
		{55AB008C-EB9E-4C0D-8B92-B9527C131D9A}.Release|x86.Build.0 = Release|x86
		{5D1FBD6E-ED6B-444C-A34E-7B6D68A8C5B9}.Debug|Any CPU.ActiveCfg = Debug|x86
		{5D1FBD6E-ED6B-444C-A34E-7B6D68A8C5B9}.Debug|Mixed Platforms.ActiveCfg = Debug|x86
		{5D1FBD6E-ED6B-444C-A34E-7B6D68A8C5B9}.Debug|Mixed Platforms.Build.0 = Debug|x86
		{5D1FBD6E-ED6B-444C-A34E-7B6D68A8C5B9}.Debug|x86.ActiveCfg = Debug|x86
		{5D1FBD6E-ED6B-444C-A34E-7B6D68A8C5B9}.Debug|x86.Build.0 = Debug|x86
		{5D1FBD6E-ED6B-444C-A34E-7B6D68A8C5B9}.Release|Any CPU.ActiveCfg = Release|x86
		{5D1FBD6E-ED6B-444C-A34E-7B6D68A8C5B9}.Release|Mixed Platforms.ActiveCfg = Release|x86
		{5D1FBD6E-ED6B-444C-A34E-7B6D68A8C5B9}.Release|Mixed Platforms.Build.0 = Release|x86
		{5D1FBD6E-ED6B-444C-A34E-7B6D68A8C5B9}.Release|x86.ActiveCfg = Release|x86
		{5D1FBD6E-ED6B-444C-A34E-7B6D68A8C5B9}.Release|x86.Build.0 = Release|x86
		{C329AD72-BD1E-427C-AAEC-1BF486762F02}.Debug|Any CPU.ActiveCfg = Debug|x86
		{C329AD72-BD1E-427C-AAEC-1BF486762F02}.Debug|Mixed Platforms.ActiveCfg = Debug|x86
		{C329AD72-BD1E-427C-AAEC-1BF486762F02}.Debug|Mixed Platforms.Build.0 = Debug|x86
		{C329AD72-BD1E-427C-AAEC-1BF486762F02}.Debug|x86.ActiveCfg = Debug|x86
		{C329AD72-BD1E-427C-AAEC-1BF486762F02}.Debug|x86.Build.0 = Debug|x86
		{C329AD72-BD1E-427C-AAEC-1BF486762F02}.Release|Any CPU.ActiveCfg = Release|x86
		{C329AD72-BD1E-427C-AAEC-1BF486762F02}.Release|Mixed Platforms.ActiveCfg = Release|x86
		{C329AD72-BD1E-427C-AAEC-1BF486762F02}.Release|Mixed Platforms.Build.0 = Release|x86
		{C329AD72-BD1E-427C-AAEC-1BF486762F02}.Release|x86.ActiveCfg = Release|x86
		{C329AD72-BD1E-427C-AAEC-1BF486762F02}.Release|x86.Build.0 = Release|x86
		{9B9970D0-57E4-4D48-A86C-B5ABC57F74EE}.Debug|Any CPU.ActiveCfg = Debug|x86
		{9B9970D0-57E4-4D48-A86C-B5ABC57F74EE}.Debug|Mixed Platforms.ActiveCfg = Debug|x86
		{9B9970D0-57E4-4D48-A86C-B5ABC57F74EE}.Debug|Mixed Platforms.Build.0 = Debug|x86
		{9B9970D0-57E4-4D48-A86C-B5ABC57F74EE}.Debug|x86.ActiveCfg = Debug|x86
		{9B9970D0-57E4-4D48-A86C-B5ABC57F74EE}.Debug|x86.Build.0 = Debug|x86
		{9B9970D0-57E4-4D48-A86C-B5ABC57F74EE}.Release|Any CPU.ActiveCfg = Release|x86
		{9B9970D0-57E4-4D48-A86C-B5ABC57F74EE}.Release|Mixed Platforms.ActiveCfg = Release|x86
		{9B9970D0-57E4-4D48-A86C-B5ABC57F74EE}.Release|Mixed Platforms.Build.0 = Release|x86
		{9B9970D0-57E4-4D48-A86C-B5ABC57F74EE}.Release|x86.ActiveCfg = Release|x86
		{9B9970D0-57E4-4D48-A86C-B5ABC57F74EE}.Release|x86.Build.0 = Release|x86
		{5BAF2B3C-F8A8-46A5-9BCD-37F35D18922B}.Debug|Any CPU.ActiveCfg = Debug|x86
		{5BAF2B3C-F8A8-46A5-9BCD-37F35D18922B}.Debug|Mixed Platforms.ActiveCfg = Debug|x86
		{5BAF2B3C-F8A8-46A5-9BCD-37F35D18922B}.Debug|Mixed Platforms.Build.0 = Debug|x86
		{5BAF2B3C-F8A8-46A5-9BCD-37F35D18922B}.Debug|x86.ActiveCfg = Debug|x86
		{5BAF2B3C-F8A8-46A5-9BCD-37F35D18922B}.Debug|x86.Build.0 = Debug|x86
		{5BAF2B3C-F8A8-46A5-9BCD-37F35D18922B}.Release|Any CPU.ActiveCfg = Release|x86
		{5BAF2B3C-F8A8-46A5-9BCD-37F35D18922B}.Release|Mixed Platforms.ActiveCfg = Release|x86
		{5BAF2B3C-F8A8-46A5-9BCD-37F35D18922B}.Release|Mixed Platforms.Build.0 = Release|x86
		{5BAF2B3C-F8A8-46A5-9BCD-37F35D18922B}.Release|x86.ActiveCfg = Release|x86
		{5BAF2B3C-F8A8-46A5-9BCD-37F35D18922B}.Release|x86.Build.0 = Release|x86
		{8B7CE11E-D389-4A32-9479-F681A2A9543D}.Debug|Any CPU.ActiveCfg = Debug|x86
		{8B7CE11E-D389-4A32-9479-F681A2A9543D}.Debug|Mixed Platforms.ActiveCfg = Debug|x86
		{8B7CE11E-D389-4A32-9479-F681A2A9543D}.Debug|Mixed Platforms.Build.0 = Debug|x86
		{8B7CE11E-D389-4A32-9479-F681A2A9543D}.Debug|x86.ActiveCfg = Debug|x86
		{8B7CE11E-D389-4A32-9479-F681A2A9543D}.Debug|x86.Build.0 = Debug|x86
		{8B7CE11E-D389-4A32-9479-F681A2A9543D}.Release|Any CPU.ActiveCfg = Release|x86
		{8B7CE11E-D389-4A32-9479-F681A2A9543D}.Release|Mixed Platforms.ActiveCfg = Release|x86
		{8B7CE11E-D389-4A32-9479-F681A2A9543D}.Release|Mixed Platforms.Build.0 = Release|x86
		{8B7CE11E-D389-4A32-9479-F681A2A9543D}.Release|x86.ActiveCfg = Release|x86
		{8B7CE11E-D389-4A32-9479-F681A2A9543D}.Release|x86.Build.0 = Release|x86
		{7F9EB3C4-6285-4CA9-A3D9-D541854B4C57}.Debug|Any CPU.ActiveCfg = Debug|x86
		{7F9EB3C4-6285-4CA9-A3D9-D541854B4C57}.Debug|Mixed Platforms.ActiveCfg = Debug|x86
		{7F9EB3C4-6285-4CA9-A3D9-D541854B4C57}.Debug|Mixed Platforms.Build.0 = Debug|x86
		{7F9EB3C4-6285-4CA9-A3D9-D541854B4C57}.Debug|x86.ActiveCfg = Debug|x86
		{7F9EB3C4-6285-4CA9-A3D9-D541854B4C57}.Debug|x86.Build.0 = Debug|x86
		{7F9EB3C4-6285-4CA9-A3D9-D541854B4C57}.Release|Any CPU.ActiveCfg = Release|x86
		{7F9EB3C4-6285-4CA9-A3D9-D541854B4C57}.Release|Mixed Platforms.ActiveCfg = Release|x86
		{7F9EB3C4-6285-4CA9-A3D9-D541854B4C57}.Release|Mixed Platforms.Build.0 = Release|x86
		{7F9EB3C4-6285-4CA9-A3D9-D541854B4C57}.Release|x86.ActiveCfg = Release|x86
		{7F9EB3C4-6285-4CA9-A3D9-D541854B4C57}.Release|x86.Build.0 = Release|x86
		{505DD0FD-5D73-43F8-A544-D005F5B8E237}.Debug|Any CPU.ActiveCfg = Debug|x86
		{505DD0FD-5D73-43F8-A544-D005F5B8E237}.Debug|Mixed Platforms.ActiveCfg = Debug|x86
		{505DD0FD-5D73-43F8-A544-D005F5B8E237}.Debug|Mixed Platforms.Build.0 = Debug|x86
		{505DD0FD-5D73-43F8-A544-D005F5B8E237}.Debug|x86.ActiveCfg = Debug|x86
		{505DD0FD-5D73-43F8-A544-D005F5B8E237}.Debug|x86.Build.0 = Debug|x86
		{505DD0FD-5D73-43F8-A544-D005F5B8E237}.Release|Any CPU.ActiveCfg = Release|x86
		{505DD0FD-5D73-43F8-A544-D005F5B8E237}.Release|Mixed Platforms.ActiveCfg = Release|x86
		{505DD0FD-5D73-43F8-A544-D005F5B8E237}.Release|Mixed Platforms.Build.0 = Release|x86
		{505DD0FD-5D73-43F8-A544-D005F5B8E237}.Release|x86.ActiveCfg = Release|x86
		{505DD0FD-5D73-43F8-A544-D005F5B8E237}.Release|x86.Build.0 = Release|x86
		{E492047B-447A-46AA-84FB-D975DD317F26}.Debug|Any CPU.ActiveCfg = Debug|x86
		{E492047B-447A-46AA-84FB-D975DD317F26}.Debug|Mixed Platforms.ActiveCfg = Debug|x86
		{E492047B-447A-46AA-84FB-D975DD317F26}.Debug|Mixed Platforms.Build.0 = Debug|x86
		{E492047B-447A-46AA-84FB-D975DD317F26}.Debug|x86.ActiveCfg = Debug|x86
		{E492047B-447A-46AA-84FB-D975DD317F26}.Debug|x86.Build.0 = Debug|x86
		{E492047B-447A-46AA-84FB-D975DD317F26}.Release|Any CPU.ActiveCfg = Release|x86
		{E492047B-447A-46AA-84FB-D975DD317F26}.Release|Mixed Platforms.ActiveCfg = Release|x86
		{E492047B-447A-46AA-84FB-D975DD317F26}.Release|Mixed Platforms.Build.0 = Release|x86
		{E492047B-447A-46AA-84FB-D975DD317F26}.Release|x86.ActiveCfg = Release|x86
		{E492047B-447A-46AA-84FB-D975DD317F26}.Release|x86.Build.0 = Release|x86
		{6627A84B-29B5-4366-819B-1E616D10A498}.Debug|Any CPU.ActiveCfg = Debug|x86
		{6627A84B-29B5-4366-819B-1E616D10A498}.Debug|Mixed Platforms.ActiveCfg = Debug|x86
		{6627A84B-29B5-4366-819B-1E616D10A498}.Debug|Mixed Platforms.Build.0 = Debug|x86
		{6627A84B-29B5-4366-819B-1E616D10A498}.Debug|x86.ActiveCfg = Debug|x86
		{6627A84B-29B5-4366-819B-1E616D10A498}.Debug|x86.Build.0 = Debug|x86
		{6627A84B-29B5-4366-819B-1E616D10A498}.Release|Any CPU.ActiveCfg = Release|x86
		{6627A84B-29B5-4366-819B-1E616D10A498}.Release|Mixed Platforms.ActiveCfg = Release|x86
		{6627A84B-29B5-4366-819B-1E616D10A498}.Release|Mixed Platforms.Build.0 = Release|x86
		{6627A84B-29B5-4366-819B-1E616D10A498}.Release|x86.ActiveCfg = Release|x86
		{6627A84B-29B5-4366-819B-1E616D10A498}.Release|x86.Build.0 = Release|x86
		{193B4C7C-8EA7-42CF-B873-405B4C20BA3D}.Debug|Any CPU.ActiveCfg = Debug|x86
		{193B4C7C-8EA7-42CF-B873-405B4C20BA3D}.Debug|Mixed Platforms.ActiveCfg = Debug|x86
		{193B4C7C-8EA7-42CF-B873-405B4C20BA3D}.Debug|Mixed Platforms.Build.0 = Debug|x86
		{193B4C7C-8EA7-42CF-B873-405B4C20BA3D}.Debug|x86.ActiveCfg = Debug|x86
		{193B4C7C-8EA7-42CF-B873-405B4C20BA3D}.Debug|x86.Build.0 = Debug|x86
		{193B4C7C-8EA7-42CF-B873-405B4C20BA3D}.Release|Any CPU.ActiveCfg = Release|x86
		{193B4C7C-8EA7-42CF-B873-405B4C20BA3D}.Release|Mixed Platforms.ActiveCfg = Release|x86
		{193B4C7C-8EA7-42CF-B873-405B4C20BA3D}.Release|Mixed Platforms.Build.0 = Release|x86
		{193B4C7C-8EA7-42CF-B873-405B4C20BA3D}.Release|x86.ActiveCfg = Release|x86
		{193B4C7C-8EA7-42CF-B873-405B4C20BA3D}.Release|x86.Build.0 = Release|x86
		{8AD74F0A-F1E4-4170-AF0F-C0A785BE763E}.Debug|Any CPU.ActiveCfg = Debug|x86
		{8AD74F0A-F1E4-4170-AF0F-C0A785BE763E}.Debug|Mixed Platforms.ActiveCfg = Debug|x86
		{8AD74F0A-F1E4-4170-AF0F-C0A785BE763E}.Debug|Mixed Platforms.Build.0 = Debug|x86
		{8AD74F0A-F1E4-4170-AF0F-C0A785BE763E}.Debug|x86.ActiveCfg = Debug|x86
		{8AD74F0A-F1E4-4170-AF0F-C0A785BE763E}.Debug|x86.Build.0 = Debug|x86
		{8AD74F0A-F1E4-4170-AF0F-C0A785BE763E}.Release|Any CPU.ActiveCfg = Release|x86
		{8AD74F0A-F1E4-4170-AF0F-C0A785BE763E}.Release|Mixed Platforms.ActiveCfg = Release|x86
		{8AD74F0A-F1E4-4170-AF0F-C0A785BE763E}.Release|Mixed Platforms.Build.0 = Release|x86
		{8AD74F0A-F1E4-4170-AF0F-C0A785BE763E}.Release|x86.ActiveCfg = Release|x86
		{8AD74F0A-F1E4-4170-AF0F-C0A785BE763E}.Release|x86.Build.0 = Release|x86
		{9CD22353-4922-4B5E-AE7F-F55C06881515}.Debug|Any CPU.ActiveCfg = Debug|x86
		{9CD22353-4922-4B5E-AE7F-F55C06881515}.Debug|Mixed Platforms.ActiveCfg = Debug|x86
		{9CD22353-4922-4B5E-AE7F-F55C06881515}.Debug|Mixed Platforms.Build.0 = Debug|x86
		{9CD22353-4922-4B5E-AE7F-F55C06881515}.Debug|x86.ActiveCfg = Debug|x86
		{9CD22353-4922-4B5E-AE7F-F55C06881515}.Debug|x86.Build.0 = Debug|x86
		{9CD22353-4922-4B5E-AE7F-F55C06881515}.Release|Any CPU.ActiveCfg = Release|x86
		{9CD22353-4922-4B5E-AE7F-F55C06881515}.Release|Mixed Platforms.ActiveCfg = Release|x86
		{9CD22353-4922-4B5E-AE7F-F55C06881515}.Release|Mixed Platforms.Build.0 = Release|x86
		{9CD22353-4922-4B5E-AE7F-F55C06881515}.Release|x86.ActiveCfg = Release|x86
		{9CD22353-4922-4B5E-AE7F-F55C06881515}.Release|x86.Build.0 = Release|x86
		{204A088F-49DA-422F-8093-8CD03AB564E0}.Debug|Any CPU.ActiveCfg = Debug|x86
		{204A088F-49DA-422F-8093-8CD03AB564E0}.Debug|Mixed Platforms.ActiveCfg = Debug|x86
		{204A088F-49DA-422F-8093-8CD03AB564E0}.Debug|Mixed Platforms.Build.0 = Debug|x86
		{204A088F-49DA-422F-8093-8CD03AB564E0}.Debug|x86.ActiveCfg = Debug|x86
		{204A088F-49DA-422F-8093-8CD03AB564E0}.Debug|x86.Build.0 = Debug|x86
		{204A088F-49DA-422F-8093-8CD03AB564E0}.Release|Any CPU.ActiveCfg = Release|x86
		{204A088F-49DA-422F-8093-8CD03AB564E0}.Release|Mixed Platforms.ActiveCfg = Release|x86
		{204A088F-49DA-422F-8093-8CD03AB564E0}.Release|Mixed Platforms.Build.0 = Release|x86
		{204A088F-49DA-422F-8093-8CD03AB564E0}.Release|x86.ActiveCfg = Release|x86
		{204A088F-49DA-422F-8093-8CD03AB564E0}.Release|x86.Build.0 = Release|x86
		{A68984AB-A46D-4958-A06A-C84579161BEE}.Debug|Any CPU.ActiveCfg = Debug|x86
		{A68984AB-A46D-4958-A06A-C84579161BEE}.Debug|Mixed Platforms.ActiveCfg = Debug|x86
		{A68984AB-A46D-4958-A06A-C84579161BEE}.Debug|Mixed Platforms.Build.0 = Debug|x86
		{A68984AB-A46D-4958-A06A-C84579161BEE}.Debug|x86.ActiveCfg = Debug|x86
		{A68984AB-A46D-4958-A06A-C84579161BEE}.Debug|x86.Build.0 = Debug|x86
		{A68984AB-A46D-4958-A06A-C84579161BEE}.Release|Any CPU.ActiveCfg = Release|x86
		{A68984AB-A46D-4958-A06A-C84579161BEE}.Release|Mixed Platforms.ActiveCfg = Release|x86
		{A68984AB-A46D-4958-A06A-C84579161BEE}.Release|Mixed Platforms.Build.0 = Release|x86
		{A68984AB-A46D-4958-A06A-C84579161BEE}.Release|x86.ActiveCfg = Release|x86
		{A68984AB-A46D-4958-A06A-C84579161BEE}.Release|x86.Build.0 = Release|x86
		{E7D636D9-E2E9-4806-AD96-A273A3403109}.Debug|Any CPU.ActiveCfg = Debug|x86
		{E7D636D9-E2E9-4806-AD96-A273A3403109}.Debug|Mixed Platforms.ActiveCfg = Debug|x86
		{E7D636D9-E2E9-4806-AD96-A273A3403109}.Debug|Mixed Platforms.Build.0 = Debug|x86
		{E7D636D9-E2E9-4806-AD96-A273A3403109}.Debug|x86.ActiveCfg = Debug|x86
		{E7D636D9-E2E9-4806-AD96-A273A3403109}.Debug|x86.Build.0 = Debug|x86
		{E7D636D9-E2E9-4806-AD96-A273A3403109}.Release|Any CPU.ActiveCfg = Release|x86
		{E7D636D9-E2E9-4806-AD96-A273A3403109}.Release|Mixed Platforms.ActiveCfg = Release|x86
		{E7D636D9-E2E9-4806-AD96-A273A3403109}.Release|Mixed Platforms.Build.0 = Release|x86
		{E7D636D9-E2E9-4806-AD96-A273A3403109}.Release|x86.ActiveCfg = Release|x86
		{E7D636D9-E2E9-4806-AD96-A273A3403109}.Release|x86.Build.0 = Release|x86
		{35410E44-2AFE-4D91-856C-8E7D2F60A36D}.Debug|Any CPU.ActiveCfg = Debug|x86
		{35410E44-2AFE-4D91-856C-8E7D2F60A36D}.Debug|Mixed Platforms.ActiveCfg = Debug|x86
		{35410E44-2AFE-4D91-856C-8E7D2F60A36D}.Debug|Mixed Platforms.Build.0 = Debug|x86
		{35410E44-2AFE-4D91-856C-8E7D2F60A36D}.Debug|x86.ActiveCfg = Debug|x86
		{35410E44-2AFE-4D91-856C-8E7D2F60A36D}.Debug|x86.Build.0 = Debug|x86
		{35410E44-2AFE-4D91-856C-8E7D2F60A36D}.Release|Any CPU.ActiveCfg = Release|x86
		{35410E44-2AFE-4D91-856C-8E7D2F60A36D}.Release|Mixed Platforms.ActiveCfg = Release|x86
		{35410E44-2AFE-4D91-856C-8E7D2F60A36D}.Release|Mixed Platforms.Build.0 = Release|x86
		{35410E44-2AFE-4D91-856C-8E7D2F60A36D}.Release|x86.ActiveCfg = Release|x86
		{35410E44-2AFE-4D91-856C-8E7D2F60A36D}.Release|x86.Build.0 = Release|x86
		{AE3043D7-70DF-4321-A1C8-6132316A84B4}.Debug|Any CPU.ActiveCfg = Debug|x86
		{AE3043D7-70DF-4321-A1C8-6132316A84B4}.Debug|Mixed Platforms.ActiveCfg = Debug|x86
		{AE3043D7-70DF-4321-A1C8-6132316A84B4}.Debug|Mixed Platforms.Build.0 = Debug|x86
		{AE3043D7-70DF-4321-A1C8-6132316A84B4}.Debug|x86.ActiveCfg = Debug|x86
		{AE3043D7-70DF-4321-A1C8-6132316A84B4}.Debug|x86.Build.0 = Debug|x86
		{AE3043D7-70DF-4321-A1C8-6132316A84B4}.Release|Any CPU.ActiveCfg = Release|x86
		{AE3043D7-70DF-4321-A1C8-6132316A84B4}.Release|Mixed Platforms.ActiveCfg = Release|x86
		{AE3043D7-70DF-4321-A1C8-6132316A84B4}.Release|Mixed Platforms.Build.0 = Release|x86
		{AE3043D7-70DF-4321-A1C8-6132316A84B4}.Release|x86.ActiveCfg = Release|x86
		{AE3043D7-70DF-4321-A1C8-6132316A84B4}.Release|x86.Build.0 = Release|x86
		{C570C40F-8457-42D6-BA06-5921776AA855}.Debug|Any CPU.ActiveCfg = Debug|x86
		{C570C40F-8457-42D6-BA06-5921776AA855}.Debug|Mixed Platforms.ActiveCfg = Debug|x86
		{C570C40F-8457-42D6-BA06-5921776AA855}.Debug|Mixed Platforms.Build.0 = Debug|x86
		{C570C40F-8457-42D6-BA06-5921776AA855}.Debug|x86.ActiveCfg = Debug|x86
		{C570C40F-8457-42D6-BA06-5921776AA855}.Debug|x86.Build.0 = Debug|x86
		{C570C40F-8457-42D6-BA06-5921776AA855}.Release|Any CPU.ActiveCfg = Release|x86
		{C570C40F-8457-42D6-BA06-5921776AA855}.Release|Mixed Platforms.ActiveCfg = Release|x86
		{C570C40F-8457-42D6-BA06-5921776AA855}.Release|Mixed Platforms.Build.0 = Release|x86
		{C570C40F-8457-42D6-BA06-5921776AA855}.Release|x86.ActiveCfg = Release|x86
		{C570C40F-8457-42D6-BA06-5921776AA855}.Release|x86.Build.0 = Release|x86
		{73600363-23E6-4FC1-8E40-8EE111A8E677}.Debug|Any CPU.ActiveCfg = Debug|x86
		{73600363-23E6-4FC1-8E40-8EE111A8E677}.Debug|Mixed Platforms.ActiveCfg = Debug|x86
		{73600363-23E6-4FC1-8E40-8EE111A8E677}.Debug|Mixed Platforms.Build.0 = Debug|x86
		{73600363-23E6-4FC1-8E40-8EE111A8E677}.Debug|x86.ActiveCfg = Debug|x86
		{73600363-23E6-4FC1-8E40-8EE111A8E677}.Debug|x86.Build.0 = Debug|x86
		{73600363-23E6-4FC1-8E40-8EE111A8E677}.Release|Any CPU.ActiveCfg = Release|x86
		{73600363-23E6-4FC1-8E40-8EE111A8E677}.Release|Mixed Platforms.ActiveCfg = Release|x86
		{73600363-23E6-4FC1-8E40-8EE111A8E677}.Release|Mixed Platforms.Build.0 = Release|x86
		{73600363-23E6-4FC1-8E40-8EE111A8E677}.Release|x86.ActiveCfg = Release|x86
		{73600363-23E6-4FC1-8E40-8EE111A8E677}.Release|x86.Build.0 = Release|x86
		{B977034F-19AA-4B09-B64D-EE75C30BC6B5}.Debug|Any CPU.ActiveCfg = Debug|x86
		{B977034F-19AA-4B09-B64D-EE75C30BC6B5}.Debug|Mixed Platforms.ActiveCfg = Debug|x86
		{B977034F-19AA-4B09-B64D-EE75C30BC6B5}.Debug|Mixed Platforms.Build.0 = Debug|x86
		{B977034F-19AA-4B09-B64D-EE75C30BC6B5}.Debug|x86.ActiveCfg = Debug|x86
		{B977034F-19AA-4B09-B64D-EE75C30BC6B5}.Debug|x86.Build.0 = Debug|x86
		{B977034F-19AA-4B09-B64D-EE75C30BC6B5}.Release|Any CPU.ActiveCfg = Release|x86
		{B977034F-19AA-4B09-B64D-EE75C30BC6B5}.Release|Mixed Platforms.ActiveCfg = Release|x86
		{B977034F-19AA-4B09-B64D-EE75C30BC6B5}.Release|Mixed Platforms.Build.0 = Release|x86
		{B977034F-19AA-4B09-B64D-EE75C30BC6B5}.Release|x86.ActiveCfg = Release|x86
		{B977034F-19AA-4B09-B64D-EE75C30BC6B5}.Release|x86.Build.0 = Release|x86
		{D5BCE846-45C7-4233-AF31-4B60A6266866}.Debug|Any CPU.ActiveCfg = Debug|x86
		{D5BCE846-45C7-4233-AF31-4B60A6266866}.Debug|Mixed Platforms.ActiveCfg = Debug|x86
		{D5BCE846-45C7-4233-AF31-4B60A6266866}.Debug|Mixed Platforms.Build.0 = Debug|x86
		{D5BCE846-45C7-4233-AF31-4B60A6266866}.Debug|x86.ActiveCfg = Debug|x86
		{D5BCE846-45C7-4233-AF31-4B60A6266866}.Debug|x86.Build.0 = Debug|x86
		{D5BCE846-45C7-4233-AF31-4B60A6266866}.Release|Any CPU.ActiveCfg = Release|x86
		{D5BCE846-45C7-4233-AF31-4B60A6266866}.Release|Mixed Platforms.ActiveCfg = Release|x86
		{D5BCE846-45C7-4233-AF31-4B60A6266866}.Release|Mixed Platforms.Build.0 = Release|x86
		{D5BCE846-45C7-4233-AF31-4B60A6266866}.Release|x86.ActiveCfg = Release|x86
		{D5BCE846-45C7-4233-AF31-4B60A6266866}.Release|x86.Build.0 = Release|x86
		{AC435A5F-B1B5-4963-B29B-D8B04498D4C3}.Debug|Any CPU.ActiveCfg = Debug|x86
		{AC435A5F-B1B5-4963-B29B-D8B04498D4C3}.Debug|Mixed Platforms.ActiveCfg = Debug|x86
		{AC435A5F-B1B5-4963-B29B-D8B04498D4C3}.Debug|Mixed Platforms.Build.0 = Debug|x86
		{AC435A5F-B1B5-4963-B29B-D8B04498D4C3}.Debug|x86.ActiveCfg = Debug|x86
		{AC435A5F-B1B5-4963-B29B-D8B04498D4C3}.Debug|x86.Build.0 = Debug|x86
		{AC435A5F-B1B5-4963-B29B-D8B04498D4C3}.Release|Any CPU.ActiveCfg = Release|x86
		{AC435A5F-B1B5-4963-B29B-D8B04498D4C3}.Release|Mixed Platforms.ActiveCfg = Release|x86
		{AC435A5F-B1B5-4963-B29B-D8B04498D4C3}.Release|Mixed Platforms.Build.0 = Release|x86
		{AC435A5F-B1B5-4963-B29B-D8B04498D4C3}.Release|x86.ActiveCfg = Release|x86
		{AC435A5F-B1B5-4963-B29B-D8B04498D4C3}.Release|x86.Build.0 = Release|x86
		{40F35F7D-623B-41F4-B031-50E50D9F9BCC}.Debug|Any CPU.ActiveCfg = Debug|Any CPU
		{40F35F7D-623B-41F4-B031-50E50D9F9BCC}.Debug|Any CPU.Build.0 = Debug|Any CPU
		{40F35F7D-623B-41F4-B031-50E50D9F9BCC}.Debug|Mixed Platforms.ActiveCfg = Debug|Any CPU
		{40F35F7D-623B-41F4-B031-50E50D9F9BCC}.Debug|Mixed Platforms.Build.0 = Debug|Any CPU
		{40F35F7D-623B-41F4-B031-50E50D9F9BCC}.Debug|x86.ActiveCfg = Debug|Any CPU
		{40F35F7D-623B-41F4-B031-50E50D9F9BCC}.Release|Any CPU.ActiveCfg = Release|Any CPU
		{40F35F7D-623B-41F4-B031-50E50D9F9BCC}.Release|Any CPU.Build.0 = Release|Any CPU
		{40F35F7D-623B-41F4-B031-50E50D9F9BCC}.Release|Mixed Platforms.ActiveCfg = Release|Any CPU
		{40F35F7D-623B-41F4-B031-50E50D9F9BCC}.Release|Mixed Platforms.Build.0 = Release|Any CPU
		{40F35F7D-623B-41F4-B031-50E50D9F9BCC}.Release|x86.ActiveCfg = Release|Any CPU
		{DC641BD1-80D9-4E6B-A5A8-A5A3A051714D}.Debug|Any CPU.ActiveCfg = Debug|Any CPU
		{DC641BD1-80D9-4E6B-A5A8-A5A3A051714D}.Debug|Any CPU.Build.0 = Debug|Any CPU
		{DC641BD1-80D9-4E6B-A5A8-A5A3A051714D}.Debug|Mixed Platforms.ActiveCfg = Debug|Any CPU
		{DC641BD1-80D9-4E6B-A5A8-A5A3A051714D}.Debug|Mixed Platforms.Build.0 = Debug|Any CPU
		{DC641BD1-80D9-4E6B-A5A8-A5A3A051714D}.Debug|x86.ActiveCfg = Debug|Any CPU
		{DC641BD1-80D9-4E6B-A5A8-A5A3A051714D}.Release|Any CPU.ActiveCfg = Release|Any CPU
		{DC641BD1-80D9-4E6B-A5A8-A5A3A051714D}.Release|Any CPU.Build.0 = Release|Any CPU
		{DC641BD1-80D9-4E6B-A5A8-A5A3A051714D}.Release|Mixed Platforms.ActiveCfg = Release|Any CPU
		{DC641BD1-80D9-4E6B-A5A8-A5A3A051714D}.Release|Mixed Platforms.Build.0 = Release|Any CPU
		{DC641BD1-80D9-4E6B-A5A8-A5A3A051714D}.Release|x86.ActiveCfg = Release|Any CPU
		{F8042A21-B1D0-4A14-A506-6E14AA228E03}.Debug|Any CPU.ActiveCfg = Debug|Any CPU
		{F8042A21-B1D0-4A14-A506-6E14AA228E03}.Debug|Any CPU.Build.0 = Debug|Any CPU
		{F8042A21-B1D0-4A14-A506-6E14AA228E03}.Debug|Mixed Platforms.ActiveCfg = Debug|Any CPU
		{F8042A21-B1D0-4A14-A506-6E14AA228E03}.Debug|Mixed Platforms.Build.0 = Debug|Any CPU
		{F8042A21-B1D0-4A14-A506-6E14AA228E03}.Debug|x86.ActiveCfg = Debug|Any CPU
		{F8042A21-B1D0-4A14-A506-6E14AA228E03}.Release|Any CPU.ActiveCfg = Release|Any CPU
		{F8042A21-B1D0-4A14-A506-6E14AA228E03}.Release|Any CPU.Build.0 = Release|Any CPU
		{F8042A21-B1D0-4A14-A506-6E14AA228E03}.Release|Mixed Platforms.ActiveCfg = Release|Any CPU
		{F8042A21-B1D0-4A14-A506-6E14AA228E03}.Release|Mixed Platforms.Build.0 = Release|Any CPU
		{F8042A21-B1D0-4A14-A506-6E14AA228E03}.Release|x86.ActiveCfg = Release|Any CPU
		{AF80C918-8190-416C-88F4-0FC87B7598AC}.Debug|Any CPU.ActiveCfg = Debug|Any CPU
		{AF80C918-8190-416C-88F4-0FC87B7598AC}.Debug|Any CPU.Build.0 = Debug|Any CPU
		{AF80C918-8190-416C-88F4-0FC87B7598AC}.Debug|Mixed Platforms.ActiveCfg = Debug|Any CPU
		{AF80C918-8190-416C-88F4-0FC87B7598AC}.Debug|Mixed Platforms.Build.0 = Debug|Any CPU
		{AF80C918-8190-416C-88F4-0FC87B7598AC}.Debug|x86.ActiveCfg = Debug|Any CPU
		{AF80C918-8190-416C-88F4-0FC87B7598AC}.Release|Any CPU.ActiveCfg = Release|Any CPU
		{AF80C918-8190-416C-88F4-0FC87B7598AC}.Release|Any CPU.Build.0 = Release|Any CPU
		{AF80C918-8190-416C-88F4-0FC87B7598AC}.Release|Mixed Platforms.ActiveCfg = Release|Any CPU
		{AF80C918-8190-416C-88F4-0FC87B7598AC}.Release|Mixed Platforms.Build.0 = Release|Any CPU
		{AF80C918-8190-416C-88F4-0FC87B7598AC}.Release|x86.ActiveCfg = Release|Any CPU
		{3369919E-20E3-41A0-B4F0-C8691620721C}.Debug|Any CPU.ActiveCfg = Debug|Any CPU
		{3369919E-20E3-41A0-B4F0-C8691620721C}.Debug|Any CPU.Build.0 = Debug|Any CPU
		{3369919E-20E3-41A0-B4F0-C8691620721C}.Debug|Mixed Platforms.ActiveCfg = Debug|Any CPU
		{3369919E-20E3-41A0-B4F0-C8691620721C}.Debug|Mixed Platforms.Build.0 = Debug|Any CPU
		{3369919E-20E3-41A0-B4F0-C8691620721C}.Debug|x86.ActiveCfg = Debug|Any CPU
		{3369919E-20E3-41A0-B4F0-C8691620721C}.Release|Any CPU.ActiveCfg = Release|Any CPU
		{3369919E-20E3-41A0-B4F0-C8691620721C}.Release|Any CPU.Build.0 = Release|Any CPU
		{3369919E-20E3-41A0-B4F0-C8691620721C}.Release|Mixed Platforms.ActiveCfg = Release|Any CPU
		{3369919E-20E3-41A0-B4F0-C8691620721C}.Release|Mixed Platforms.Build.0 = Release|Any CPU
		{3369919E-20E3-41A0-B4F0-C8691620721C}.Release|x86.ActiveCfg = Release|Any CPU
		{ADBDE3E0-73A4-4265-82B9-DB53BA382BED}.Debug|Any CPU.ActiveCfg = Debug|Any CPU
		{ADBDE3E0-73A4-4265-82B9-DB53BA382BED}.Debug|Any CPU.Build.0 = Debug|Any CPU
		{ADBDE3E0-73A4-4265-82B9-DB53BA382BED}.Debug|Mixed Platforms.ActiveCfg = Debug|Any CPU
		{ADBDE3E0-73A4-4265-82B9-DB53BA382BED}.Debug|Mixed Platforms.Build.0 = Debug|Any CPU
		{ADBDE3E0-73A4-4265-82B9-DB53BA382BED}.Debug|x86.ActiveCfg = Debug|Any CPU
		{ADBDE3E0-73A4-4265-82B9-DB53BA382BED}.Release|Any CPU.ActiveCfg = Release|Any CPU
		{ADBDE3E0-73A4-4265-82B9-DB53BA382BED}.Release|Any CPU.Build.0 = Release|Any CPU
		{ADBDE3E0-73A4-4265-82B9-DB53BA382BED}.Release|Mixed Platforms.ActiveCfg = Release|Any CPU
		{ADBDE3E0-73A4-4265-82B9-DB53BA382BED}.Release|Mixed Platforms.Build.0 = Release|Any CPU
		{ADBDE3E0-73A4-4265-82B9-DB53BA382BED}.Release|x86.ActiveCfg = Release|Any CPU
		{D65F1B35-72E1-4E41-A207-836FA1D8C676}.Debug|Any CPU.ActiveCfg = Debug|Any CPU
		{D65F1B35-72E1-4E41-A207-836FA1D8C676}.Debug|Any CPU.Build.0 = Debug|Any CPU
		{D65F1B35-72E1-4E41-A207-836FA1D8C676}.Debug|Mixed Platforms.ActiveCfg = Debug|Any CPU
		{D65F1B35-72E1-4E41-A207-836FA1D8C676}.Debug|Mixed Platforms.Build.0 = Debug|Any CPU
		{D65F1B35-72E1-4E41-A207-836FA1D8C676}.Debug|x86.ActiveCfg = Debug|Any CPU
		{D65F1B35-72E1-4E41-A207-836FA1D8C676}.Release|Any CPU.ActiveCfg = Release|Any CPU
		{D65F1B35-72E1-4E41-A207-836FA1D8C676}.Release|Any CPU.Build.0 = Release|Any CPU
		{D65F1B35-72E1-4E41-A207-836FA1D8C676}.Release|Mixed Platforms.ActiveCfg = Release|Any CPU
		{D65F1B35-72E1-4E41-A207-836FA1D8C676}.Release|Mixed Platforms.Build.0 = Release|Any CPU
		{D65F1B35-72E1-4E41-A207-836FA1D8C676}.Release|x86.ActiveCfg = Release|Any CPU
		{C8607612-2A21-4511-8B95-FDAE2EB8AB7C}.Debug|Any CPU.ActiveCfg = Debug|Any CPU
		{C8607612-2A21-4511-8B95-FDAE2EB8AB7C}.Debug|Any CPU.Build.0 = Debug|Any CPU
		{C8607612-2A21-4511-8B95-FDAE2EB8AB7C}.Debug|Mixed Platforms.ActiveCfg = Debug|Any CPU
		{C8607612-2A21-4511-8B95-FDAE2EB8AB7C}.Debug|Mixed Platforms.Build.0 = Debug|Any CPU
		{C8607612-2A21-4511-8B95-FDAE2EB8AB7C}.Debug|x86.ActiveCfg = Debug|Any CPU
		{C8607612-2A21-4511-8B95-FDAE2EB8AB7C}.Release|Any CPU.ActiveCfg = Release|Any CPU
		{C8607612-2A21-4511-8B95-FDAE2EB8AB7C}.Release|Any CPU.Build.0 = Release|Any CPU
		{C8607612-2A21-4511-8B95-FDAE2EB8AB7C}.Release|Mixed Platforms.ActiveCfg = Release|Any CPU
		{C8607612-2A21-4511-8B95-FDAE2EB8AB7C}.Release|Mixed Platforms.Build.0 = Release|Any CPU
		{C8607612-2A21-4511-8B95-FDAE2EB8AB7C}.Release|x86.ActiveCfg = Release|Any CPU
		{86DCC778-E46C-4DA2-9328-5AF09D261380}.Debug|Any CPU.ActiveCfg = Debug|Any CPU
		{86DCC778-E46C-4DA2-9328-5AF09D261380}.Debug|Any CPU.Build.0 = Debug|Any CPU
		{86DCC778-E46C-4DA2-9328-5AF09D261380}.Debug|Mixed Platforms.ActiveCfg = Debug|Any CPU
		{86DCC778-E46C-4DA2-9328-5AF09D261380}.Debug|Mixed Platforms.Build.0 = Debug|Any CPU
		{86DCC778-E46C-4DA2-9328-5AF09D261380}.Debug|x86.ActiveCfg = Debug|Any CPU
		{86DCC778-E46C-4DA2-9328-5AF09D261380}.Release|Any CPU.ActiveCfg = Release|Any CPU
		{86DCC778-E46C-4DA2-9328-5AF09D261380}.Release|Any CPU.Build.0 = Release|Any CPU
		{86DCC778-E46C-4DA2-9328-5AF09D261380}.Release|Mixed Platforms.ActiveCfg = Release|Any CPU
		{86DCC778-E46C-4DA2-9328-5AF09D261380}.Release|Mixed Platforms.Build.0 = Release|Any CPU
		{86DCC778-E46C-4DA2-9328-5AF09D261380}.Release|x86.ActiveCfg = Release|Any CPU
	EndGlobalSection
	GlobalSection(SolutionProperties) = preSolution
		HideSolutionNode = FALSE
	EndGlobalSection
EndGlobal
